
Microsoft Visual Studio Solution File, Format Version 12.00
# Visual Studio Version 16
VisualStudioVersion = 16.0.30914.41
MinimumVisualStudioVersion = 10.0.40219.1
Project("{2150E333-8FDC-42A3-9474-1A3956D46DE8}") = "Solution Items", "Solution Items", "{1E895953-2231-4ACA-84A6-64F8F57FE86A}"
	ProjectSection(SolutionItems) = preProject
		global.json = global.json
	EndProjectSection
EndProject
Project("{9A19103F-16F7-4668-BE54-9A1E7A4F7556}") = "TheXamlGuy.NotificationFlyout.Common", "..\..\src\TheXamlGuy.NotificationFlyout.Common\TheXamlGuy.NotificationFlyout.Common.csproj", "{C59F605A-7AAF-43E5-A312-85B9771F2FE4}"
EndProject
Project("{9A19103F-16F7-4668-BE54-9A1E7A4F7556}") = "TheXamlGuy.NotificationFlyout.Shared.UI", "..\..\src\TheXamlGuy.NotificationFlyout.Shared.UI\TheXamlGuy.NotificationFlyout.Shared.UI.csproj", "{E313D2F7-6515-4B8E-8F81-7E886E866853}"
EndProject
Project("{9A19103F-16F7-4668-BE54-9A1E7A4F7556}") = "TheXamlGuy.NotificationFlyout.Uwp.UI.Controls", "..\..\src\TheXamlGuy.NotificationFlyout.Uwp.UI.Controls\TheXamlGuy.NotificationFlyout.Uwp.UI.Controls.csproj", "{A970D11A-AD9F-4A3F-A509-16FA5F9AC779}"
EndProject
Project("{9A19103F-16F7-4668-BE54-9A1E7A4F7556}") = "TheXamlGuy.NotificationFlyout.Wpf.UI", "..\..\src\TheXamlGuy.NotificationFlyout.Wpf.UI\TheXamlGuy.NotificationFlyout.Wpf.UI.csproj", "{4FBDACA8-7A79-40E4-A20D-30139A37C680}"
EndProject
Project("{9A19103F-16F7-4668-BE54-9A1E7A4F7556}") = "TheXamlGuy.NotificationFlyout.Wpf.UI.Controls", "..\..\src\TheXamlGuy.NotificationFlyout.Wpf.UI.Controls\TheXamlGuy.NotificationFlyout.Wpf.UI.Controls.csproj", "{0AB1D328-BBB0-434B-965A-48ACDB6CBFB7}"
EndProject
Project("{FAE04EC0-301F-11D3-BF4B-00C04F79EFBC}") = "NotificationFlyoutSample", "NotificationFlyoutSample.csproj", "{2057ADE0-C61E-45EE-BB7E-A469FE4D4C41}"
EndProject
Project("{9A19103F-16F7-4668-BE54-9A1E7A4F7556}") = "NotificationFlyoutSample.Launcher", "..\NotificationFlyoutSample.Launcher\NotificationFlyoutSample.Launcher.csproj", "{DB86CC51-8AA1-46A4-B382-B05DE08E0FF6}"
EndProject
Global
	GlobalSection(SolutionConfigurationPlatforms) = preSolution
		Debug|Any CPU = Debug|Any CPU
		Debug|ARM = Debug|ARM
		Debug|ARM64 = Debug|ARM64
		Debug|x64 = Debug|x64
		Debug|x86 = Debug|x86
		Release|Any CPU = Release|Any CPU
		Release|ARM = Release|ARM
		Release|ARM64 = Release|ARM64
		Release|x64 = Release|x64
		Release|x86 = Release|x86
	EndGlobalSection
	GlobalSection(ProjectConfigurationPlatforms) = postSolution
		{C59F605A-7AAF-43E5-A312-85B9771F2FE4}.Debug|Any CPU.ActiveCfg = Debug|Any CPU
		{C59F605A-7AAF-43E5-A312-85B9771F2FE4}.Debug|Any CPU.Build.0 = Debug|Any CPU
		{C59F605A-7AAF-43E5-A312-85B9771F2FE4}.Debug|ARM.ActiveCfg = Debug|Any CPU
		{C59F605A-7AAF-43E5-A312-85B9771F2FE4}.Debug|ARM.Build.0 = Debug|Any CPU
		{C59F605A-7AAF-43E5-A312-85B9771F2FE4}.Debug|ARM64.ActiveCfg = Debug|Any CPU
		{C59F605A-7AAF-43E5-A312-85B9771F2FE4}.Debug|ARM64.Build.0 = Debug|Any CPU
		{C59F605A-7AAF-43E5-A312-85B9771F2FE4}.Debug|x64.ActiveCfg = Debug|x64
		{C59F605A-7AAF-43E5-A312-85B9771F2FE4}.Debug|x64.Build.0 = Debug|x64
		{C59F605A-7AAF-43E5-A312-85B9771F2FE4}.Debug|x86.ActiveCfg = Debug|Any CPU
		{C59F605A-7AAF-43E5-A312-85B9771F2FE4}.Debug|x86.Build.0 = Debug|Any CPU
		{C59F605A-7AAF-43E5-A312-85B9771F2FE4}.Release|Any CPU.ActiveCfg = Release|Any CPU
		{C59F605A-7AAF-43E5-A312-85B9771F2FE4}.Release|Any CPU.Build.0 = Release|Any CPU
		{C59F605A-7AAF-43E5-A312-85B9771F2FE4}.Release|ARM.ActiveCfg = Release|Any CPU
		{C59F605A-7AAF-43E5-A312-85B9771F2FE4}.Release|ARM.Build.0 = Release|Any CPU
		{C59F605A-7AAF-43E5-A312-85B9771F2FE4}.Release|ARM64.ActiveCfg = Release|Any CPU
		{C59F605A-7AAF-43E5-A312-85B9771F2FE4}.Release|ARM64.Build.0 = Release|Any CPU
		{C59F605A-7AAF-43E5-A312-85B9771F2FE4}.Release|x64.ActiveCfg = Release|x64
		{C59F605A-7AAF-43E5-A312-85B9771F2FE4}.Release|x64.Build.0 = Release|x64
		{C59F605A-7AAF-43E5-A312-85B9771F2FE4}.Release|x86.ActiveCfg = Release|Any CPU
		{C59F605A-7AAF-43E5-A312-85B9771F2FE4}.Release|x86.Build.0 = Release|Any CPU
		{E313D2F7-6515-4B8E-8F81-7E886E866853}.Debug|Any CPU.ActiveCfg = Debug|Any CPU
		{E313D2F7-6515-4B8E-8F81-7E886E866853}.Debug|Any CPU.Build.0 = Debug|Any CPU
		{E313D2F7-6515-4B8E-8F81-7E886E866853}.Debug|ARM.ActiveCfg = Debug|Any CPU
		{E313D2F7-6515-4B8E-8F81-7E886E866853}.Debug|ARM.Build.0 = Debug|Any CPU
		{E313D2F7-6515-4B8E-8F81-7E886E866853}.Debug|ARM64.ActiveCfg = Debug|Any CPU
		{E313D2F7-6515-4B8E-8F81-7E886E866853}.Debug|ARM64.Build.0 = Debug|Any CPU
		{E313D2F7-6515-4B8E-8F81-7E886E866853}.Debug|x64.ActiveCfg = Debug|x64
		{E313D2F7-6515-4B8E-8F81-7E886E866853}.Debug|x64.Build.0 = Debug|x64
		{E313D2F7-6515-4B8E-8F81-7E886E866853}.Debug|x86.ActiveCfg = Debug|Any CPU
		{E313D2F7-6515-4B8E-8F81-7E886E866853}.Debug|x86.Build.0 = Debug|Any CPU
		{E313D2F7-6515-4B8E-8F81-7E886E866853}.Release|Any CPU.ActiveCfg = Release|Any CPU
		{E313D2F7-6515-4B8E-8F81-7E886E866853}.Release|Any CPU.Build.0 = Release|Any CPU
		{E313D2F7-6515-4B8E-8F81-7E886E866853}.Release|ARM.ActiveCfg = Release|Any CPU
		{E313D2F7-6515-4B8E-8F81-7E886E866853}.Release|ARM.Build.0 = Release|Any CPU
		{E313D2F7-6515-4B8E-8F81-7E886E866853}.Release|ARM64.ActiveCfg = Release|Any CPU
		{E313D2F7-6515-4B8E-8F81-7E886E866853}.Release|ARM64.Build.0 = Release|Any CPU
		{E313D2F7-6515-4B8E-8F81-7E886E866853}.Release|x64.ActiveCfg = Release|x64
		{E313D2F7-6515-4B8E-8F81-7E886E866853}.Release|x64.Build.0 = Release|x64
		{E313D2F7-6515-4B8E-8F81-7E886E866853}.Release|x86.ActiveCfg = Release|Any CPU
		{E313D2F7-6515-4B8E-8F81-7E886E866853}.Release|x86.Build.0 = Release|Any CPU
		{A970D11A-AD9F-4A3F-A509-16FA5F9AC779}.Debug|Any CPU.ActiveCfg = Debug|Any CPU
		{A970D11A-AD9F-4A3F-A509-16FA5F9AC779}.Debug|Any CPU.Build.0 = Debug|Any CPU
		{A970D11A-AD9F-4A3F-A509-16FA5F9AC779}.Debug|ARM.ActiveCfg = Debug|Any CPU
		{A970D11A-AD9F-4A3F-A509-16FA5F9AC779}.Debug|ARM.Build.0 = Debug|Any CPU
		{A970D11A-AD9F-4A3F-A509-16FA5F9AC779}.Debug|ARM64.ActiveCfg = Debug|Any CPU
		{A970D11A-AD9F-4A3F-A509-16FA5F9AC779}.Debug|ARM64.Build.0 = Debug|Any CPU
		{A970D11A-AD9F-4A3F-A509-16FA5F9AC779}.Debug|x64.ActiveCfg = Debug|x64
		{A970D11A-AD9F-4A3F-A509-16FA5F9AC779}.Debug|x64.Build.0 = Debug|x64
		{A970D11A-AD9F-4A3F-A509-16FA5F9AC779}.Debug|x86.ActiveCfg = Debug|Any CPU
		{A970D11A-AD9F-4A3F-A509-16FA5F9AC779}.Debug|x86.Build.0 = Debug|Any CPU
		{A970D11A-AD9F-4A3F-A509-16FA5F9AC779}.Release|Any CPU.ActiveCfg = Release|Any CPU
		{A970D11A-AD9F-4A3F-A509-16FA5F9AC779}.Release|Any CPU.Build.0 = Release|Any CPU
		{A970D11A-AD9F-4A3F-A509-16FA5F9AC779}.Release|ARM.ActiveCfg = Release|Any CPU
		{A970D11A-AD9F-4A3F-A509-16FA5F9AC779}.Release|ARM.Build.0 = Release|Any CPU
		{A970D11A-AD9F-4A3F-A509-16FA5F9AC779}.Release|ARM64.ActiveCfg = Release|Any CPU
		{A970D11A-AD9F-4A3F-A509-16FA5F9AC779}.Release|ARM64.Build.0 = Release|Any CPU
		{A970D11A-AD9F-4A3F-A509-16FA5F9AC779}.Release|x64.ActiveCfg = Release|x64
		{A970D11A-AD9F-4A3F-A509-16FA5F9AC779}.Release|x64.Build.0 = Release|x64
		{A970D11A-AD9F-4A3F-A509-16FA5F9AC779}.Release|x86.ActiveCfg = Release|Any CPU
		{A970D11A-AD9F-4A3F-A509-16FA5F9AC779}.Release|x86.Build.0 = Release|Any CPU
		{4FBDACA8-7A79-40E4-A20D-30139A37C680}.Debug|Any CPU.ActiveCfg = Debug|Any CPU
		{4FBDACA8-7A79-40E4-A20D-30139A37C680}.Debug|Any CPU.Build.0 = Debug|Any CPU
		{4FBDACA8-7A79-40E4-A20D-30139A37C680}.Debug|ARM.ActiveCfg = Debug|Any CPU
		{4FBDACA8-7A79-40E4-A20D-30139A37C680}.Debug|ARM.Build.0 = Debug|Any CPU
		{4FBDACA8-7A79-40E4-A20D-30139A37C680}.Debug|ARM64.ActiveCfg = Debug|Any CPU
		{4FBDACA8-7A79-40E4-A20D-30139A37C680}.Debug|ARM64.Build.0 = Debug|Any CPU
		{4FBDACA8-7A79-40E4-A20D-30139A37C680}.Debug|x64.ActiveCfg = Debug|x64
		{4FBDACA8-7A79-40E4-A20D-30139A37C680}.Debug|x64.Build.0 = Debug|x64
		{4FBDACA8-7A79-40E4-A20D-30139A37C680}.Debug|x86.ActiveCfg = Debug|Any CPU
		{4FBDACA8-7A79-40E4-A20D-30139A37C680}.Debug|x86.Build.0 = Debug|Any CPU
		{4FBDACA8-7A79-40E4-A20D-30139A37C680}.Release|Any CPU.ActiveCfg = Release|Any CPU
		{4FBDACA8-7A79-40E4-A20D-30139A37C680}.Release|Any CPU.Build.0 = Release|Any CPU
		{4FBDACA8-7A79-40E4-A20D-30139A37C680}.Release|ARM.ActiveCfg = Release|Any CPU
		{4FBDACA8-7A79-40E4-A20D-30139A37C680}.Release|ARM.Build.0 = Release|Any CPU
		{4FBDACA8-7A79-40E4-A20D-30139A37C680}.Release|ARM64.ActiveCfg = Release|Any CPU
		{4FBDACA8-7A79-40E4-A20D-30139A37C680}.Release|ARM64.Build.0 = Release|Any CPU
		{4FBDACA8-7A79-40E4-A20D-30139A37C680}.Release|x64.ActiveCfg = Release|x64
		{4FBDACA8-7A79-40E4-A20D-30139A37C680}.Release|x64.Build.0 = Release|x64
		{4FBDACA8-7A79-40E4-A20D-30139A37C680}.Release|x86.ActiveCfg = Release|Any CPU
		{4FBDACA8-7A79-40E4-A20D-30139A37C680}.Release|x86.Build.0 = Release|Any CPU
		{0AB1D328-BBB0-434B-965A-48ACDB6CBFB7}.Debug|Any CPU.ActiveCfg = Debug|Any CPU
		{0AB1D328-BBB0-434B-965A-48ACDB6CBFB7}.Debug|Any CPU.Build.0 = Debug|Any CPU
		{0AB1D328-BBB0-434B-965A-48ACDB6CBFB7}.Debug|ARM.ActiveCfg = Debug|Any CPU
		{0AB1D328-BBB0-434B-965A-48ACDB6CBFB7}.Debug|ARM.Build.0 = Debug|Any CPU
		{0AB1D328-BBB0-434B-965A-48ACDB6CBFB7}.Debug|ARM64.ActiveCfg = Debug|Any CPU
		{0AB1D328-BBB0-434B-965A-48ACDB6CBFB7}.Debug|ARM64.Build.0 = Debug|Any CPU
		{0AB1D328-BBB0-434B-965A-48ACDB6CBFB7}.Debug|x64.ActiveCfg = Debug|x64
		{0AB1D328-BBB0-434B-965A-48ACDB6CBFB7}.Debug|x64.Build.0 = Debug|x64
		{0AB1D328-BBB0-434B-965A-48ACDB6CBFB7}.Debug|x86.ActiveCfg = Debug|Any CPU
		{0AB1D328-BBB0-434B-965A-48ACDB6CBFB7}.Debug|x86.Build.0 = Debug|Any CPU
		{0AB1D328-BBB0-434B-965A-48ACDB6CBFB7}.Release|Any CPU.ActiveCfg = Release|Any CPU
		{0AB1D328-BBB0-434B-965A-48ACDB6CBFB7}.Release|Any CPU.Build.0 = Release|Any CPU
		{0AB1D328-BBB0-434B-965A-48ACDB6CBFB7}.Release|ARM.ActiveCfg = Release|Any CPU
		{0AB1D328-BBB0-434B-965A-48ACDB6CBFB7}.Release|ARM.Build.0 = Release|Any CPU
		{0AB1D328-BBB0-434B-965A-48ACDB6CBFB7}.Release|ARM64.ActiveCfg = Release|Any CPU
		{0AB1D328-BBB0-434B-965A-48ACDB6CBFB7}.Release|ARM64.Build.0 = Release|Any CPU
		{0AB1D328-BBB0-434B-965A-48ACDB6CBFB7}.Release|x64.ActiveCfg = Release|x64
		{0AB1D328-BBB0-434B-965A-48ACDB6CBFB7}.Release|x64.Build.0 = Release|x64
		{0AB1D328-BBB0-434B-965A-48ACDB6CBFB7}.Release|x86.ActiveCfg = Release|Any CPU
		{0AB1D328-BBB0-434B-965A-48ACDB6CBFB7}.Release|x86.Build.0 = Release|Any CPU
		{2057ADE0-C61E-45EE-BB7E-A469FE4D4C41}.Debug|Any CPU.ActiveCfg = Debug|x86
		{2057ADE0-C61E-45EE-BB7E-A469FE4D4C41}.Debug|ARM.ActiveCfg = Debug|ARM
		{2057ADE0-C61E-45EE-BB7E-A469FE4D4C41}.Debug|ARM.Build.0 = Debug|ARM
		{2057ADE0-C61E-45EE-BB7E-A469FE4D4C41}.Debug|ARM.Deploy.0 = Debug|ARM
		{2057ADE0-C61E-45EE-BB7E-A469FE4D4C41}.Debug|ARM64.ActiveCfg = Debug|ARM64
		{2057ADE0-C61E-45EE-BB7E-A469FE4D4C41}.Debug|ARM64.Build.0 = Debug|ARM64
		{2057ADE0-C61E-45EE-BB7E-A469FE4D4C41}.Debug|ARM64.Deploy.0 = Debug|ARM64
		{2057ADE0-C61E-45EE-BB7E-A469FE4D4C41}.Debug|x64.ActiveCfg = Debug|x64
		{2057ADE0-C61E-45EE-BB7E-A469FE4D4C41}.Debug|x64.Build.0 = Debug|x64
		{2057ADE0-C61E-45EE-BB7E-A469FE4D4C41}.Debug|x64.Deploy.0 = Debug|x64
		{2057ADE0-C61E-45EE-BB7E-A469FE4D4C41}.Debug|x86.ActiveCfg = Debug|x86
		{2057ADE0-C61E-45EE-BB7E-A469FE4D4C41}.Debug|x86.Build.0 = Debug|x86
		{2057ADE0-C61E-45EE-BB7E-A469FE4D4C41}.Debug|x86.Deploy.0 = Debug|x86
		{2057ADE0-C61E-45EE-BB7E-A469FE4D4C41}.Release|Any CPU.ActiveCfg = Release|x86
		{2057ADE0-C61E-45EE-BB7E-A469FE4D4C41}.Release|ARM.ActiveCfg = Release|ARM
		{2057ADE0-C61E-45EE-BB7E-A469FE4D4C41}.Release|ARM.Build.0 = Release|ARM
		{2057ADE0-C61E-45EE-BB7E-A469FE4D4C41}.Release|ARM.Deploy.0 = Release|ARM
		{2057ADE0-C61E-45EE-BB7E-A469FE4D4C41}.Release|ARM64.ActiveCfg = Release|ARM64
		{2057ADE0-C61E-45EE-BB7E-A469FE4D4C41}.Release|ARM64.Build.0 = Release|ARM64
		{2057ADE0-C61E-45EE-BB7E-A469FE4D4C41}.Release|ARM64.Deploy.0 = Release|ARM64
		{2057ADE0-C61E-45EE-BB7E-A469FE4D4C41}.Release|x64.ActiveCfg = Release|x64
		{2057ADE0-C61E-45EE-BB7E-A469FE4D4C41}.Release|x64.Build.0 = Release|x64
		{2057ADE0-C61E-45EE-BB7E-A469FE4D4C41}.Release|x64.Deploy.0 = Release|x64
		{2057ADE0-C61E-45EE-BB7E-A469FE4D4C41}.Release|x86.ActiveCfg = Release|x86
		{2057ADE0-C61E-45EE-BB7E-A469FE4D4C41}.Release|x86.Build.0 = Release|x86
		{2057ADE0-C61E-45EE-BB7E-A469FE4D4C41}.Release|x86.Deploy.0 = Release|x86
		{DB86CC51-8AA1-46A4-B382-B05DE08E0FF6}.Debug|Any CPU.ActiveCfg = Debug|Any CPU
		{DB86CC51-8AA1-46A4-B382-B05DE08E0FF6}.Debug|Any CPU.Build.0 = Debug|Any CPU
		{DB86CC51-8AA1-46A4-B382-B05DE08E0FF6}.Debug|ARM.ActiveCfg = Debug|Any CPU
		{DB86CC51-8AA1-46A4-B382-B05DE08E0FF6}.Debug|ARM.Build.0 = Debug|Any CPU
		{DB86CC51-8AA1-46A4-B382-B05DE08E0FF6}.Debug|ARM64.ActiveCfg = Debug|Any CPU
		{DB86CC51-8AA1-46A4-B382-B05DE08E0FF6}.Debug|ARM64.Build.0 = Debug|Any CPU
		{DB86CC51-8AA1-46A4-B382-B05DE08E0FF6}.Debug|x64.ActiveCfg = Debug|x64
		{DB86CC51-8AA1-46A4-B382-B05DE08E0FF6}.Debug|x64.Build.0 = Debug|x64
		{DB86CC51-8AA1-46A4-B382-B05DE08E0FF6}.Debug|x86.ActiveCfg = Debug|Any CPU
		{DB86CC51-8AA1-46A4-B382-B05DE08E0FF6}.Debug|x86.Build.0 = Debug|Any CPU
		{DB86CC51-8AA1-46A4-B382-B05DE08E0FF6}.Release|Any CPU.ActiveCfg = Release|Any CPU
		{DB86CC51-8AA1-46A4-B382-B05DE08E0FF6}.Release|Any CPU.Build.0 = Release|Any CPU
		{DB86CC51-8AA1-46A4-B382-B05DE08E0FF6}.Release|ARM.ActiveCfg = Release|Any CPU
		{DB86CC51-8AA1-46A4-B382-B05DE08E0FF6}.Release|ARM.Build.0 = Release|Any CPU
		{DB86CC51-8AA1-46A4-B382-B05DE08E0FF6}.Release|ARM64.ActiveCfg = Release|Any CPU
		{DB86CC51-8AA1-46A4-B382-B05DE08E0FF6}.Release|ARM64.Build.0 = Release|Any CPU
		{DB86CC51-8AA1-46A4-B382-B05DE08E0FF6}.Release|x64.ActiveCfg = Release|x64
		{DB86CC51-8AA1-46A4-B382-B05DE08E0FF6}.Release|x64.Build.0 = Release|x64
		{DB86CC51-8AA1-46A4-B382-B05DE08E0FF6}.Release|x86.ActiveCfg = Release|Any CPU
		{DB86CC51-8AA1-46A4-B382-B05DE08E0FF6}.Release|x86.Build.0 = Release|Any CPU
	EndGlobalSection
	GlobalSection(SolutionProperties) = preSolution
		HideSolutionNode = FALSE
	EndGlobalSection
	GlobalSection(ExtensibilityGlobals) = postSolution
		SolutionGuid = {03157D81-42AD-4A82-96E1-1E1D6F247D03}
	EndGlobalSection
EndGlobal
