
Microsoft Visual Studio Solution File, Format Version 12.00
# Visual Studio Version 16
VisualStudioVersion = 16.0.30914.41
MinimumVisualStudioVersion = 10.0.40219.1
Project("{9A19103F-16F7-4668-BE54-9A1E7A4F7556}") = "NotificationFlyout.Foundation", "NotificationFlyout.Foundation\NotificationFlyout.Foundation.csproj", "{8CF304C1-38D4-4D16-B99C-71353E8DD477}"
EndProject
Project("{FAE04EC0-301F-11D3-BF4B-00C04F79EFBC}") = "NotificationFlyout.XamlHost", "NotificationFlyout.XamlHost\NotificationFlyout.XamlHost.csproj", "{95D6E127-BC04-4591-ACFF-FB35BBB64884}"
EndProject
Project("{9A19103F-16F7-4668-BE54-9A1E7A4F7556}") = "NotificationFlyout.Tray", "NotificationFlyout.Tray\NotificationFlyout.Tray.csproj", "{B5B09576-6447-4146-B544-FB6000587D8B}"
EndProject
Project("{9A19103F-16F7-4668-BE54-9A1E7A4F7556}") = "NotificationFlyout.Wpf.UI.Controls", "NotificationFlyout.Wpf.UI.Controls\NotificationFlyout.Wpf.UI.Controls.csproj", "{0A782234-DC9F-4C4A-8820-FC640B03D233}"
EndProject
Project("{FAE04EC0-301F-11D3-BF4B-00C04F79EFBC}") = "NotificationFlyout.Uwp.UI.Controls", "NotificationFlyout.Uwp.UI.Controls\NotificationFlyout.Uwp.UI.Controls.csproj", "{9987B132-E42C-401A-9AD5-E62529FACA40}"
EndProject
Project("{C7167F0D-BC9F-4E6E-AFE1-012C56B48DB5}") = "NotificationFlyout.Package", "NotificationFlyout.Package\NotificationFlyout.Package.wapproj", "{46FF88D3-C2C7-419B-94F6-1AC01307C31A}"
EndProject
Project("{9A19103F-16F7-4668-BE54-9A1E7A4F7556}") = "NotificationFlyout.Wpf.UI", "NotificationFlyout.Wpf.UI\NotificationFlyout.Wpf.UI.csproj", "{29430194-7EDE-4C33-AF59-CE121F48F66E}"
EndProject
Project("{FAE04EC0-301F-11D3-BF4B-00C04F79EFBC}") = "NotificationFlyout.Sample", "NotificationFlyout.Sample\NotificationFlyout.Sample.csproj", "{675B9345-F416-44EF-8154-B7F6943877FA}"
EndProject
Global
	GlobalSection(SolutionConfigurationPlatforms) = preSolution
		Debug|Any CPU = Debug|Any CPU
		Debug|ARM = Debug|ARM
		Debug|ARM64 = Debug|ARM64
		Debug|x64 = Debug|x64
		Debug|x86 = Debug|x86
		Release|Any CPU = Release|Any CPU
		Release|ARM = Release|ARM
		Release|ARM64 = Release|ARM64
		Release|x64 = Release|x64
		Release|x86 = Release|x86
	EndGlobalSection
	GlobalSection(ProjectConfigurationPlatforms) = postSolution
		{8CF304C1-38D4-4D16-B99C-71353E8DD477}.Debug|Any CPU.ActiveCfg = Debug|Any CPU
		{8CF304C1-38D4-4D16-B99C-71353E8DD477}.Debug|Any CPU.Build.0 = Debug|Any CPU
		{8CF304C1-38D4-4D16-B99C-71353E8DD477}.Debug|ARM.ActiveCfg = Debug|Any CPU
		{8CF304C1-38D4-4D16-B99C-71353E8DD477}.Debug|ARM.Build.0 = Debug|Any CPU
		{8CF304C1-38D4-4D16-B99C-71353E8DD477}.Debug|ARM64.ActiveCfg = Debug|Any CPU
		{8CF304C1-38D4-4D16-B99C-71353E8DD477}.Debug|ARM64.Build.0 = Debug|Any CPU
		{8CF304C1-38D4-4D16-B99C-71353E8DD477}.Debug|x64.ActiveCfg = Debug|x64
		{8CF304C1-38D4-4D16-B99C-71353E8DD477}.Debug|x64.Build.0 = Debug|x64
		{8CF304C1-38D4-4D16-B99C-71353E8DD477}.Debug|x86.ActiveCfg = Debug|x64
		{8CF304C1-38D4-4D16-B99C-71353E8DD477}.Debug|x86.Build.0 = Debug|x64
		{8CF304C1-38D4-4D16-B99C-71353E8DD477}.Release|Any CPU.ActiveCfg = Release|Any CPU
		{8CF304C1-38D4-4D16-B99C-71353E8DD477}.Release|Any CPU.Build.0 = Release|Any CPU
		{8CF304C1-38D4-4D16-B99C-71353E8DD477}.Release|ARM.ActiveCfg = Release|Any CPU
		{8CF304C1-38D4-4D16-B99C-71353E8DD477}.Release|ARM.Build.0 = Release|Any CPU
		{8CF304C1-38D4-4D16-B99C-71353E8DD477}.Release|ARM64.ActiveCfg = Release|Any CPU
		{8CF304C1-38D4-4D16-B99C-71353E8DD477}.Release|ARM64.Build.0 = Release|Any CPU
		{8CF304C1-38D4-4D16-B99C-71353E8DD477}.Release|x64.ActiveCfg = Release|Any CPU
		{8CF304C1-38D4-4D16-B99C-71353E8DD477}.Release|x64.Build.0 = Release|Any CPU
		{8CF304C1-38D4-4D16-B99C-71353E8DD477}.Release|x86.ActiveCfg = Release|Any CPU
		{8CF304C1-38D4-4D16-B99C-71353E8DD477}.Release|x86.Build.0 = Release|Any CPU
		{95D6E127-BC04-4591-ACFF-FB35BBB64884}.Debug|Any CPU.ActiveCfg = Debug|x86
		{95D6E127-BC04-4591-ACFF-FB35BBB64884}.Debug|ARM.ActiveCfg = Debug|ARM
		{95D6E127-BC04-4591-ACFF-FB35BBB64884}.Debug|ARM.Build.0 = Debug|ARM
		{95D6E127-BC04-4591-ACFF-FB35BBB64884}.Debug|ARM.Deploy.0 = Debug|ARM
		{95D6E127-BC04-4591-ACFF-FB35BBB64884}.Debug|ARM64.ActiveCfg = Debug|ARM64
		{95D6E127-BC04-4591-ACFF-FB35BBB64884}.Debug|ARM64.Build.0 = Debug|ARM64
		{95D6E127-BC04-4591-ACFF-FB35BBB64884}.Debug|ARM64.Deploy.0 = Debug|ARM64
		{95D6E127-BC04-4591-ACFF-FB35BBB64884}.Debug|x64.ActiveCfg = Debug|x64
		{95D6E127-BC04-4591-ACFF-FB35BBB64884}.Debug|x64.Build.0 = Debug|x64
		{95D6E127-BC04-4591-ACFF-FB35BBB64884}.Debug|x64.Deploy.0 = Debug|x64
		{95D6E127-BC04-4591-ACFF-FB35BBB64884}.Debug|x86.ActiveCfg = Debug|x86
		{95D6E127-BC04-4591-ACFF-FB35BBB64884}.Debug|x86.Build.0 = Debug|x86
		{95D6E127-BC04-4591-ACFF-FB35BBB64884}.Debug|x86.Deploy.0 = Debug|x86
		{95D6E127-BC04-4591-ACFF-FB35BBB64884}.Release|Any CPU.ActiveCfg = Release|x86
		{95D6E127-BC04-4591-ACFF-FB35BBB64884}.Release|ARM.ActiveCfg = Release|ARM
		{95D6E127-BC04-4591-ACFF-FB35BBB64884}.Release|ARM.Build.0 = Release|ARM
		{95D6E127-BC04-4591-ACFF-FB35BBB64884}.Release|ARM.Deploy.0 = Release|ARM
		{95D6E127-BC04-4591-ACFF-FB35BBB64884}.Release|ARM64.ActiveCfg = Release|ARM64
		{95D6E127-BC04-4591-ACFF-FB35BBB64884}.Release|ARM64.Build.0 = Release|ARM64
		{95D6E127-BC04-4591-ACFF-FB35BBB64884}.Release|ARM64.Deploy.0 = Release|ARM64
		{95D6E127-BC04-4591-ACFF-FB35BBB64884}.Release|x64.ActiveCfg = Release|x64
		{95D6E127-BC04-4591-ACFF-FB35BBB64884}.Release|x64.Build.0 = Release|x64
		{95D6E127-BC04-4591-ACFF-FB35BBB64884}.Release|x64.Deploy.0 = Release|x64
		{95D6E127-BC04-4591-ACFF-FB35BBB64884}.Release|x86.ActiveCfg = Release|x86
		{95D6E127-BC04-4591-ACFF-FB35BBB64884}.Release|x86.Build.0 = Release|x86
		{95D6E127-BC04-4591-ACFF-FB35BBB64884}.Release|x86.Deploy.0 = Release|x86
		{B5B09576-6447-4146-B544-FB6000587D8B}.Debug|Any CPU.ActiveCfg = Debug|Any CPU
		{B5B09576-6447-4146-B544-FB6000587D8B}.Debug|Any CPU.Build.0 = Debug|Any CPU
		{B5B09576-6447-4146-B544-FB6000587D8B}.Debug|ARM.ActiveCfg = Debug|Any CPU
		{B5B09576-6447-4146-B544-FB6000587D8B}.Debug|ARM.Build.0 = Debug|Any CPU
		{B5B09576-6447-4146-B544-FB6000587D8B}.Debug|ARM64.ActiveCfg = Debug|Any CPU
		{B5B09576-6447-4146-B544-FB6000587D8B}.Debug|ARM64.Build.0 = Debug|Any CPU
		{B5B09576-6447-4146-B544-FB6000587D8B}.Debug|x64.ActiveCfg = Debug|x64
		{B5B09576-6447-4146-B544-FB6000587D8B}.Debug|x64.Build.0 = Debug|x64
		{B5B09576-6447-4146-B544-FB6000587D8B}.Debug|x86.ActiveCfg = Debug|Any CPU
		{B5B09576-6447-4146-B544-FB6000587D8B}.Debug|x86.Build.0 = Debug|Any CPU
		{B5B09576-6447-4146-B544-FB6000587D8B}.Release|Any CPU.ActiveCfg = Release|Any CPU
		{B5B09576-6447-4146-B544-FB6000587D8B}.Release|Any CPU.Build.0 = Release|Any CPU
		{B5B09576-6447-4146-B544-FB6000587D8B}.Release|ARM.ActiveCfg = Release|Any CPU
		{B5B09576-6447-4146-B544-FB6000587D8B}.Release|ARM.Build.0 = Release|Any CPU
		{B5B09576-6447-4146-B544-FB6000587D8B}.Release|ARM64.ActiveCfg = Release|Any CPU
		{B5B09576-6447-4146-B544-FB6000587D8B}.Release|ARM64.Build.0 = Release|Any CPU
		{B5B09576-6447-4146-B544-FB6000587D8B}.Release|x64.ActiveCfg = Release|Any CPU
		{B5B09576-6447-4146-B544-FB6000587D8B}.Release|x64.Build.0 = Release|Any CPU
		{B5B09576-6447-4146-B544-FB6000587D8B}.Release|x86.ActiveCfg = Release|Any CPU
		{B5B09576-6447-4146-B544-FB6000587D8B}.Release|x86.Build.0 = Release|Any CPU
		{0A782234-DC9F-4C4A-8820-FC640B03D233}.Debug|Any CPU.ActiveCfg = Debug|Any CPU
		{0A782234-DC9F-4C4A-8820-FC640B03D233}.Debug|Any CPU.Build.0 = Debug|Any CPU
		{0A782234-DC9F-4C4A-8820-FC640B03D233}.Debug|ARM.ActiveCfg = Debug|Any CPU
		{0A782234-DC9F-4C4A-8820-FC640B03D233}.Debug|ARM.Build.0 = Debug|Any CPU
		{0A782234-DC9F-4C4A-8820-FC640B03D233}.Debug|ARM64.ActiveCfg = Debug|Any CPU
		{0A782234-DC9F-4C4A-8820-FC640B03D233}.Debug|ARM64.Build.0 = Debug|Any CPU
		{0A782234-DC9F-4C4A-8820-FC640B03D233}.Debug|x64.ActiveCfg = Debug|x64
		{0A782234-DC9F-4C4A-8820-FC640B03D233}.Debug|x64.Build.0 = Debug|x64
		{0A782234-DC9F-4C4A-8820-FC640B03D233}.Debug|x86.ActiveCfg = Debug|Any CPU
		{0A782234-DC9F-4C4A-8820-FC640B03D233}.Debug|x86.Build.0 = Debug|Any CPU
		{0A782234-DC9F-4C4A-8820-FC640B03D233}.Release|Any CPU.ActiveCfg = Release|Any CPU
		{0A782234-DC9F-4C4A-8820-FC640B03D233}.Release|Any CPU.Build.0 = Release|Any CPU
		{0A782234-DC9F-4C4A-8820-FC640B03D233}.Release|ARM.ActiveCfg = Release|Any CPU
		{0A782234-DC9F-4C4A-8820-FC640B03D233}.Release|ARM.Build.0 = Release|Any CPU
		{0A782234-DC9F-4C4A-8820-FC640B03D233}.Release|ARM64.ActiveCfg = Release|Any CPU
		{0A782234-DC9F-4C4A-8820-FC640B03D233}.Release|ARM64.Build.0 = Release|Any CPU
		{0A782234-DC9F-4C4A-8820-FC640B03D233}.Release|x64.ActiveCfg = Release|Any CPU
		{0A782234-DC9F-4C4A-8820-FC640B03D233}.Release|x64.Build.0 = Release|Any CPU
		{0A782234-DC9F-4C4A-8820-FC640B03D233}.Release|x86.ActiveCfg = Release|Any CPU
		{0A782234-DC9F-4C4A-8820-FC640B03D233}.Release|x86.Build.0 = Release|Any CPU
		{9987B132-E42C-401A-9AD5-E62529FACA40}.Debug|Any CPU.ActiveCfg = Debug|Any CPU
		{9987B132-E42C-401A-9AD5-E62529FACA40}.Debug|Any CPU.Build.0 = Debug|Any CPU
		{9987B132-E42C-401A-9AD5-E62529FACA40}.Debug|ARM.ActiveCfg = Debug|ARM
		{9987B132-E42C-401A-9AD5-E62529FACA40}.Debug|ARM.Build.0 = Debug|ARM
		{9987B132-E42C-401A-9AD5-E62529FACA40}.Debug|ARM64.ActiveCfg = Debug|ARM64
		{9987B132-E42C-401A-9AD5-E62529FACA40}.Debug|ARM64.Build.0 = Debug|ARM64
		{9987B132-E42C-401A-9AD5-E62529FACA40}.Debug|x64.ActiveCfg = Debug|x64
		{9987B132-E42C-401A-9AD5-E62529FACA40}.Debug|x64.Build.0 = Debug|x64
		{9987B132-E42C-401A-9AD5-E62529FACA40}.Debug|x86.ActiveCfg = Debug|x86
		{9987B132-E42C-401A-9AD5-E62529FACA40}.Debug|x86.Build.0 = Debug|x86
		{9987B132-E42C-401A-9AD5-E62529FACA40}.Release|Any CPU.ActiveCfg = Release|Any CPU
		{9987B132-E42C-401A-9AD5-E62529FACA40}.Release|Any CPU.Build.0 = Release|Any CPU
		{9987B132-E42C-401A-9AD5-E62529FACA40}.Release|ARM.ActiveCfg = Release|ARM
		{9987B132-E42C-401A-9AD5-E62529FACA40}.Release|ARM.Build.0 = Release|ARM
		{9987B132-E42C-401A-9AD5-E62529FACA40}.Release|ARM64.ActiveCfg = Release|ARM64
		{9987B132-E42C-401A-9AD5-E62529FACA40}.Release|ARM64.Build.0 = Release|ARM64
		{9987B132-E42C-401A-9AD5-E62529FACA40}.Release|x64.ActiveCfg = Release|x64
		{9987B132-E42C-401A-9AD5-E62529FACA40}.Release|x64.Build.0 = Release|x64
		{9987B132-E42C-401A-9AD5-E62529FACA40}.Release|x86.ActiveCfg = Release|x86
		{9987B132-E42C-401A-9AD5-E62529FACA40}.Release|x86.Build.0 = Release|x86
		{46FF88D3-C2C7-419B-94F6-1AC01307C31A}.Debug|Any CPU.ActiveCfg = Debug|Any CPU
		{46FF88D3-C2C7-419B-94F6-1AC01307C31A}.Debug|Any CPU.Build.0 = Debug|Any CPU
		{46FF88D3-C2C7-419B-94F6-1AC01307C31A}.Debug|Any CPU.Deploy.0 = Debug|Any CPU
		{46FF88D3-C2C7-419B-94F6-1AC01307C31A}.Debug|ARM.ActiveCfg = Debug|ARM
		{46FF88D3-C2C7-419B-94F6-1AC01307C31A}.Debug|ARM.Build.0 = Debug|ARM
		{46FF88D3-C2C7-419B-94F6-1AC01307C31A}.Debug|ARM.Deploy.0 = Debug|ARM
		{46FF88D3-C2C7-419B-94F6-1AC01307C31A}.Debug|ARM64.ActiveCfg = Debug|ARM64
		{46FF88D3-C2C7-419B-94F6-1AC01307C31A}.Debug|ARM64.Build.0 = Debug|ARM64
		{46FF88D3-C2C7-419B-94F6-1AC01307C31A}.Debug|ARM64.Deploy.0 = Debug|ARM64
		{46FF88D3-C2C7-419B-94F6-1AC01307C31A}.Debug|x64.ActiveCfg = Debug|x64
		{46FF88D3-C2C7-419B-94F6-1AC01307C31A}.Debug|x64.Build.0 = Debug|x64
		{46FF88D3-C2C7-419B-94F6-1AC01307C31A}.Debug|x64.Deploy.0 = Debug|x64
		{46FF88D3-C2C7-419B-94F6-1AC01307C31A}.Debug|x86.ActiveCfg = Debug|x86
		{46FF88D3-C2C7-419B-94F6-1AC01307C31A}.Debug|x86.Build.0 = Debug|x86
		{46FF88D3-C2C7-419B-94F6-1AC01307C31A}.Debug|x86.Deploy.0 = Debug|x86
		{46FF88D3-C2C7-419B-94F6-1AC01307C31A}.Release|Any CPU.ActiveCfg = Release|Any CPU
		{46FF88D3-C2C7-419B-94F6-1AC01307C31A}.Release|Any CPU.Build.0 = Release|Any CPU
		{46FF88D3-C2C7-419B-94F6-1AC01307C31A}.Release|Any CPU.Deploy.0 = Release|Any CPU
		{46FF88D3-C2C7-419B-94F6-1AC01307C31A}.Release|ARM.ActiveCfg = Release|ARM
		{46FF88D3-C2C7-419B-94F6-1AC01307C31A}.Release|ARM.Build.0 = Release|ARM
		{46FF88D3-C2C7-419B-94F6-1AC01307C31A}.Release|ARM.Deploy.0 = Release|ARM
		{46FF88D3-C2C7-419B-94F6-1AC01307C31A}.Release|ARM64.ActiveCfg = Release|ARM64
		{46FF88D3-C2C7-419B-94F6-1AC01307C31A}.Release|ARM64.Build.0 = Release|ARM64
		{46FF88D3-C2C7-419B-94F6-1AC01307C31A}.Release|ARM64.Deploy.0 = Release|ARM64
		{46FF88D3-C2C7-419B-94F6-1AC01307C31A}.Release|x64.ActiveCfg = Release|x64
		{46FF88D3-C2C7-419B-94F6-1AC01307C31A}.Release|x64.Build.0 = Release|x64
		{46FF88D3-C2C7-419B-94F6-1AC01307C31A}.Release|x64.Deploy.0 = Release|x64
		{46FF88D3-C2C7-419B-94F6-1AC01307C31A}.Release|x86.ActiveCfg = Release|x86
		{46FF88D3-C2C7-419B-94F6-1AC01307C31A}.Release|x86.Build.0 = Release|x86
		{46FF88D3-C2C7-419B-94F6-1AC01307C31A}.Release|x86.Deploy.0 = Release|x86
		{29430194-7EDE-4C33-AF59-CE121F48F66E}.Debug|Any CPU.ActiveCfg = Debug|Any CPU
		{29430194-7EDE-4C33-AF59-CE121F48F66E}.Debug|Any CPU.Build.0 = Debug|Any CPU
		{29430194-7EDE-4C33-AF59-CE121F48F66E}.Debug|ARM.ActiveCfg = Debug|Any CPU
		{29430194-7EDE-4C33-AF59-CE121F48F66E}.Debug|ARM.Build.0 = Debug|Any CPU
		{29430194-7EDE-4C33-AF59-CE121F48F66E}.Debug|ARM64.ActiveCfg = Debug|Any CPU
		{29430194-7EDE-4C33-AF59-CE121F48F66E}.Debug|ARM64.Build.0 = Debug|Any CPU
		{29430194-7EDE-4C33-AF59-CE121F48F66E}.Debug|x64.ActiveCfg = Debug|Any CPU
		{29430194-7EDE-4C33-AF59-CE121F48F66E}.Debug|x64.Build.0 = Debug|Any CPU
		{29430194-7EDE-4C33-AF59-CE121F48F66E}.Debug|x86.ActiveCfg = Debug|Any CPU
		{29430194-7EDE-4C33-AF59-CE121F48F66E}.Debug|x86.Build.0 = Debug|Any CPU
		{29430194-7EDE-4C33-AF59-CE121F48F66E}.Release|Any CPU.ActiveCfg = Release|Any CPU
		{29430194-7EDE-4C33-AF59-CE121F48F66E}.Release|Any CPU.Build.0 = Release|Any CPU
		{29430194-7EDE-4C33-AF59-CE121F48F66E}.Release|ARM.ActiveCfg = Release|Any CPU
		{29430194-7EDE-4C33-AF59-CE121F48F66E}.Release|ARM.Build.0 = Release|Any CPU
		{29430194-7EDE-4C33-AF59-CE121F48F66E}.Release|ARM64.ActiveCfg = Release|Any CPU
		{29430194-7EDE-4C33-AF59-CE121F48F66E}.Release|ARM64.Build.0 = Release|Any CPU
		{29430194-7EDE-4C33-AF59-CE121F48F66E}.Release|x64.ActiveCfg = Release|Any CPU
		{29430194-7EDE-4C33-AF59-CE121F48F66E}.Release|x64.Build.0 = Release|Any CPU
		{29430194-7EDE-4C33-AF59-CE121F48F66E}.Release|x86.ActiveCfg = Release|Any CPU
		{29430194-7EDE-4C33-AF59-CE121F48F66E}.Release|x86.Build.0 = Release|Any CPU
		{675B9345-F416-44EF-8154-B7F6943877FA}.Debug|Any CPU.ActiveCfg = Debug|Any CPU
		{675B9345-F416-44EF-8154-B7F6943877FA}.Debug|Any CPU.Build.0 = Debug|Any CPU
		{675B9345-F416-44EF-8154-B7F6943877FA}.Debug|ARM.ActiveCfg = Debug|ARM
		{675B9345-F416-44EF-8154-B7F6943877FA}.Debug|ARM.Build.0 = Debug|ARM
		{675B9345-F416-44EF-8154-B7F6943877FA}.Debug|ARM64.ActiveCfg = Debug|ARM64
		{675B9345-F416-44EF-8154-B7F6943877FA}.Debug|ARM64.Build.0 = Debug|ARM64
		{675B9345-F416-44EF-8154-B7F6943877FA}.Debug|x64.ActiveCfg = Debug|x64
		{675B9345-F416-44EF-8154-B7F6943877FA}.Debug|x64.Build.0 = Debug|x64
		{675B9345-F416-44EF-8154-B7F6943877FA}.Debug|x86.ActiveCfg = Debug|x86
		{675B9345-F416-44EF-8154-B7F6943877FA}.Debug|x86.Build.0 = Debug|x86
		{675B9345-F416-44EF-8154-B7F6943877FA}.Release|Any CPU.ActiveCfg = Release|Any CPU
		{675B9345-F416-44EF-8154-B7F6943877FA}.Release|Any CPU.Build.0 = Release|Any CPU
		{675B9345-F416-44EF-8154-B7F6943877FA}.Release|ARM.ActiveCfg = Release|ARM
		{675B9345-F416-44EF-8154-B7F6943877FA}.Release|ARM.Build.0 = Release|ARM
		{675B9345-F416-44EF-8154-B7F6943877FA}.Release|ARM64.ActiveCfg = Release|ARM64
		{675B9345-F416-44EF-8154-B7F6943877FA}.Release|ARM64.Build.0 = Release|ARM64
		{675B9345-F416-44EF-8154-B7F6943877FA}.Release|x64.ActiveCfg = Release|x64
		{675B9345-F416-44EF-8154-B7F6943877FA}.Release|x64.Build.0 = Release|x64
		{675B9345-F416-44EF-8154-B7F6943877FA}.Release|x86.ActiveCfg = Release|x86
		{675B9345-F416-44EF-8154-B7F6943877FA}.Release|x86.Build.0 = Release|x86
	EndGlobalSection
	GlobalSection(SolutionProperties) = preSolution
		HideSolutionNode = FALSE
	EndGlobalSection
	GlobalSection(ExtensibilityGlobals) = postSolution
		SolutionGuid = {EDFFB261-AD00-4C68-BF55-D5CED5BE0039}
	EndGlobalSection
EndGlobal
