
Microsoft Visual Studio Solution File, Format Version 12.00
# Visual Studio Version 16
VisualStudioVersion = 16.0.30914.41
MinimumVisualStudioVersion = 10.0.40219.1
Project("{FAE04EC0-301F-11D3-BF4B-00C04F79EFBC}") = "NotificationFlyout.XamlHost", "NotificationFlyout.XamlHost\NotificationFlyout.XamlHost.csproj", "{95D6E127-BC04-4591-ACFF-FB35BBB64884}"
EndProject
Project("{9A19103F-16F7-4668-BE54-9A1E7A4F7556}") = "NotificationFlyout.Wpf.UI.Controls", "NotificationFlyout.Wpf.UI.Controls\NotificationFlyout.Wpf.UI.Controls.csproj", "{0A782234-DC9F-4C4A-8820-FC640B03D233}"
EndProject
Project("{9A19103F-16F7-4668-BE54-9A1E7A4F7556}") = "NotificationFlyout.Uwp.UI.Controls", "NotificationFlyout.Uwp.UI.Controls\NotificationFlyout.Uwp.UI.Controls.csproj", "{9987B132-E42C-401A-9AD5-E62529FACA40}"
EndProject
Project("{9A19103F-16F7-4668-BE54-9A1E7A4F7556}") = "NotificationFlyout.Wpf.UI", "NotificationFlyout.Wpf.UI\NotificationFlyout.Wpf.UI.csproj", "{29430194-7EDE-4C33-AF59-CE121F48F66E}"
EndProject
Project("{2150E333-8FDC-42A3-9474-1A3956D46DE8}") = "Solution Items", "Solution Items", "{B7EEAC24-4F8A-4C73-90B3-DAC77D44CCF2}"
	ProjectSection(SolutionItems) = preProject
		global.json = global.json
	EndProjectSection
EndProject
Project("{9A19103F-16F7-4668-BE54-9A1E7A4F7556}") = "NotificationFlyout.Sample.Uwp", "NotificationFlyout.Sample.Uwp\NotificationFlyout.Sample.Uwp.csproj", "{FD1A3672-31B4-4499-AC09-4BD6BBD4C0DF}"
EndProject
Project("{FAE04EC0-301F-11D3-BF4B-00C04F79EFBC}") = "NotificationFlyout.Sample.Wpf", "NotificationFlyout.Sample.Wpf\NotificationFlyout.Sample.Wpf.csproj", "{666686C6-3439-4EE2-B06B-5C7B0A416B91}"
EndProject
Global
	GlobalSection(SolutionConfigurationPlatforms) = preSolution
		Debug|Any CPU = Debug|Any CPU
		Debug|ARM = Debug|ARM
		Debug|ARM64 = Debug|ARM64
		Debug|x64 = Debug|x64
		Debug|x86 = Debug|x86
		Release|Any CPU = Release|Any CPU
		Release|ARM = Release|ARM
		Release|ARM64 = Release|ARM64
		Release|x64 = Release|x64
		Release|x86 = Release|x86
	EndGlobalSection
	GlobalSection(ProjectConfigurationPlatforms) = postSolution
		{95D6E127-BC04-4591-ACFF-FB35BBB64884}.Debug|Any CPU.ActiveCfg = Debug|x86
		{95D6E127-BC04-4591-ACFF-FB35BBB64884}.Debug|ARM.ActiveCfg = Debug|ARM
		{95D6E127-BC04-4591-ACFF-FB35BBB64884}.Debug|ARM.Build.0 = Debug|ARM
		{95D6E127-BC04-4591-ACFF-FB35BBB64884}.Debug|ARM.Deploy.0 = Debug|ARM
		{95D6E127-BC04-4591-ACFF-FB35BBB64884}.Debug|ARM64.ActiveCfg = Debug|ARM64
		{95D6E127-BC04-4591-ACFF-FB35BBB64884}.Debug|ARM64.Build.0 = Debug|ARM64
		{95D6E127-BC04-4591-ACFF-FB35BBB64884}.Debug|ARM64.Deploy.0 = Debug|ARM64
		{95D6E127-BC04-4591-ACFF-FB35BBB64884}.Debug|x64.ActiveCfg = Debug|x64
		{95D6E127-BC04-4591-ACFF-FB35BBB64884}.Debug|x64.Build.0 = Debug|x64
		{95D6E127-BC04-4591-ACFF-FB35BBB64884}.Debug|x64.Deploy.0 = Debug|x64
		{95D6E127-BC04-4591-ACFF-FB35BBB64884}.Debug|x86.ActiveCfg = Debug|x86
		{95D6E127-BC04-4591-ACFF-FB35BBB64884}.Debug|x86.Build.0 = Debug|x86
		{95D6E127-BC04-4591-ACFF-FB35BBB64884}.Debug|x86.Deploy.0 = Debug|x86
		{95D6E127-BC04-4591-ACFF-FB35BBB64884}.Release|Any CPU.ActiveCfg = Release|x86
		{95D6E127-BC04-4591-ACFF-FB35BBB64884}.Release|ARM.ActiveCfg = Release|ARM
		{95D6E127-BC04-4591-ACFF-FB35BBB64884}.Release|ARM.Build.0 = Release|ARM
		{95D6E127-BC04-4591-ACFF-FB35BBB64884}.Release|ARM.Deploy.0 = Release|ARM
		{95D6E127-BC04-4591-ACFF-FB35BBB64884}.Release|ARM64.ActiveCfg = Release|ARM64
		{95D6E127-BC04-4591-ACFF-FB35BBB64884}.Release|ARM64.Build.0 = Release|ARM64
		{95D6E127-BC04-4591-ACFF-FB35BBB64884}.Release|ARM64.Deploy.0 = Release|ARM64
		{95D6E127-BC04-4591-ACFF-FB35BBB64884}.Release|x64.ActiveCfg = Release|x64
		{95D6E127-BC04-4591-ACFF-FB35BBB64884}.Release|x64.Build.0 = Release|x64
		{95D6E127-BC04-4591-ACFF-FB35BBB64884}.Release|x64.Deploy.0 = Release|x64
		{95D6E127-BC04-4591-ACFF-FB35BBB64884}.Release|x86.ActiveCfg = Release|x86
		{95D6E127-BC04-4591-ACFF-FB35BBB64884}.Release|x86.Build.0 = Release|x86
		{95D6E127-BC04-4591-ACFF-FB35BBB64884}.Release|x86.Deploy.0 = Release|x86
		{0A782234-DC9F-4C4A-8820-FC640B03D233}.Debug|Any CPU.ActiveCfg = Debug|Any CPU
		{0A782234-DC9F-4C4A-8820-FC640B03D233}.Debug|Any CPU.Build.0 = Debug|Any CPU
		{0A782234-DC9F-4C4A-8820-FC640B03D233}.Debug|ARM.ActiveCfg = Debug|Any CPU
		{0A782234-DC9F-4C4A-8820-FC640B03D233}.Debug|ARM.Build.0 = Debug|Any CPU
		{0A782234-DC9F-4C4A-8820-FC640B03D233}.Debug|ARM64.ActiveCfg = Debug|Any CPU
		{0A782234-DC9F-4C4A-8820-FC640B03D233}.Debug|ARM64.Build.0 = Debug|Any CPU
		{0A782234-DC9F-4C4A-8820-FC640B03D233}.Debug|x64.ActiveCfg = Debug|x64
		{0A782234-DC9F-4C4A-8820-FC640B03D233}.Debug|x64.Build.0 = Debug|x64
		{0A782234-DC9F-4C4A-8820-FC640B03D233}.Debug|x86.ActiveCfg = Debug|Any CPU
		{0A782234-DC9F-4C4A-8820-FC640B03D233}.Debug|x86.Build.0 = Debug|Any CPU
		{0A782234-DC9F-4C4A-8820-FC640B03D233}.Release|Any CPU.ActiveCfg = Release|Any CPU
		{0A782234-DC9F-4C4A-8820-FC640B03D233}.Release|Any CPU.Build.0 = Release|Any CPU
		{0A782234-DC9F-4C4A-8820-FC640B03D233}.Release|ARM.ActiveCfg = Release|Any CPU
		{0A782234-DC9F-4C4A-8820-FC640B03D233}.Release|ARM.Build.0 = Release|Any CPU
		{0A782234-DC9F-4C4A-8820-FC640B03D233}.Release|ARM64.ActiveCfg = Release|Any CPU
		{0A782234-DC9F-4C4A-8820-FC640B03D233}.Release|ARM64.Build.0 = Release|Any CPU
		{0A782234-DC9F-4C4A-8820-FC640B03D233}.Release|x64.ActiveCfg = Release|Any CPU
		{0A782234-DC9F-4C4A-8820-FC640B03D233}.Release|x64.Build.0 = Release|Any CPU
		{0A782234-DC9F-4C4A-8820-FC640B03D233}.Release|x86.ActiveCfg = Release|Any CPU
		{0A782234-DC9F-4C4A-8820-FC640B03D233}.Release|x86.Build.0 = Release|Any CPU
		{9987B132-E42C-401A-9AD5-E62529FACA40}.Debug|Any CPU.ActiveCfg = Debug|Any CPU
		{9987B132-E42C-401A-9AD5-E62529FACA40}.Debug|Any CPU.Build.0 = Debug|Any CPU
		{9987B132-E42C-401A-9AD5-E62529FACA40}.Debug|ARM.ActiveCfg = Debug|ARM
		{9987B132-E42C-401A-9AD5-E62529FACA40}.Debug|ARM.Build.0 = Debug|ARM
		{9987B132-E42C-401A-9AD5-E62529FACA40}.Debug|ARM64.ActiveCfg = Debug|ARM64
		{9987B132-E42C-401A-9AD5-E62529FACA40}.Debug|ARM64.Build.0 = Debug|ARM64
		{9987B132-E42C-401A-9AD5-E62529FACA40}.Debug|x64.ActiveCfg = Debug|x64
		{9987B132-E42C-401A-9AD5-E62529FACA40}.Debug|x64.Build.0 = Debug|x64
		{9987B132-E42C-401A-9AD5-E62529FACA40}.Debug|x86.ActiveCfg = Debug|x86
		{9987B132-E42C-401A-9AD5-E62529FACA40}.Debug|x86.Build.0 = Debug|x86
		{9987B132-E42C-401A-9AD5-E62529FACA40}.Release|Any CPU.ActiveCfg = Release|Any CPU
		{9987B132-E42C-401A-9AD5-E62529FACA40}.Release|Any CPU.Build.0 = Release|Any CPU
		{9987B132-E42C-401A-9AD5-E62529FACA40}.Release|ARM.ActiveCfg = Release|ARM
		{9987B132-E42C-401A-9AD5-E62529FACA40}.Release|ARM.Build.0 = Release|ARM
		{9987B132-E42C-401A-9AD5-E62529FACA40}.Release|ARM64.ActiveCfg = Release|ARM64
		{9987B132-E42C-401A-9AD5-E62529FACA40}.Release|ARM64.Build.0 = Release|ARM64
		{9987B132-E42C-401A-9AD5-E62529FACA40}.Release|x64.ActiveCfg = Release|x64
		{9987B132-E42C-401A-9AD5-E62529FACA40}.Release|x64.Build.0 = Release|x64
		{9987B132-E42C-401A-9AD5-E62529FACA40}.Release|x86.ActiveCfg = Release|x86
		{9987B132-E42C-401A-9AD5-E62529FACA40}.Release|x86.Build.0 = Release|x86
		{29430194-7EDE-4C33-AF59-CE121F48F66E}.Debug|Any CPU.ActiveCfg = Debug|Any CPU
		{29430194-7EDE-4C33-AF59-CE121F48F66E}.Debug|Any CPU.Build.0 = Debug|Any CPU
		{29430194-7EDE-4C33-AF59-CE121F48F66E}.Debug|ARM.ActiveCfg = Debug|Any CPU
		{29430194-7EDE-4C33-AF59-CE121F48F66E}.Debug|ARM.Build.0 = Debug|Any CPU
		{29430194-7EDE-4C33-AF59-CE121F48F66E}.Debug|ARM64.ActiveCfg = Debug|Any CPU
		{29430194-7EDE-4C33-AF59-CE121F48F66E}.Debug|ARM64.Build.0 = Debug|Any CPU
		{29430194-7EDE-4C33-AF59-CE121F48F66E}.Debug|x64.ActiveCfg = Debug|x64
		{29430194-7EDE-4C33-AF59-CE121F48F66E}.Debug|x64.Build.0 = Debug|x64
		{29430194-7EDE-4C33-AF59-CE121F48F66E}.Debug|x86.ActiveCfg = Debug|Any CPU
		{29430194-7EDE-4C33-AF59-CE121F48F66E}.Debug|x86.Build.0 = Debug|Any CPU
		{29430194-7EDE-4C33-AF59-CE121F48F66E}.Release|Any CPU.ActiveCfg = Release|Any CPU
		{29430194-7EDE-4C33-AF59-CE121F48F66E}.Release|Any CPU.Build.0 = Release|Any CPU
		{29430194-7EDE-4C33-AF59-CE121F48F66E}.Release|ARM.ActiveCfg = Release|Any CPU
		{29430194-7EDE-4C33-AF59-CE121F48F66E}.Release|ARM.Build.0 = Release|Any CPU
		{29430194-7EDE-4C33-AF59-CE121F48F66E}.Release|ARM64.ActiveCfg = Release|Any CPU
		{29430194-7EDE-4C33-AF59-CE121F48F66E}.Release|ARM64.Build.0 = Release|Any CPU
		{29430194-7EDE-4C33-AF59-CE121F48F66E}.Release|x64.ActiveCfg = Release|Any CPU
		{29430194-7EDE-4C33-AF59-CE121F48F66E}.Release|x64.Build.0 = Release|Any CPU
		{29430194-7EDE-4C33-AF59-CE121F48F66E}.Release|x86.ActiveCfg = Release|Any CPU
		{29430194-7EDE-4C33-AF59-CE121F48F66E}.Release|x86.Build.0 = Release|Any CPU
		{FD1A3672-31B4-4499-AC09-4BD6BBD4C0DF}.Debug|Any CPU.ActiveCfg = Debug|Any CPU
		{FD1A3672-31B4-4499-AC09-4BD6BBD4C0DF}.Debug|Any CPU.Build.0 = Debug|Any CPU
		{FD1A3672-31B4-4499-AC09-4BD6BBD4C0DF}.Debug|ARM.ActiveCfg = Debug|ARM
		{FD1A3672-31B4-4499-AC09-4BD6BBD4C0DF}.Debug|ARM.Build.0 = Debug|ARM
		{FD1A3672-31B4-4499-AC09-4BD6BBD4C0DF}.Debug|ARM64.ActiveCfg = Debug|ARM64
		{FD1A3672-31B4-4499-AC09-4BD6BBD4C0DF}.Debug|ARM64.Build.0 = Debug|ARM64
		{FD1A3672-31B4-4499-AC09-4BD6BBD4C0DF}.Debug|x64.ActiveCfg = Debug|x64
		{FD1A3672-31B4-4499-AC09-4BD6BBD4C0DF}.Debug|x64.Build.0 = Debug|x64
		{FD1A3672-31B4-4499-AC09-4BD6BBD4C0DF}.Debug|x86.ActiveCfg = Debug|x86
		{FD1A3672-31B4-4499-AC09-4BD6BBD4C0DF}.Debug|x86.Build.0 = Debug|x86
		{FD1A3672-31B4-4499-AC09-4BD6BBD4C0DF}.Release|Any CPU.ActiveCfg = Release|Any CPU
		{FD1A3672-31B4-4499-AC09-4BD6BBD4C0DF}.Release|Any CPU.Build.0 = Release|Any CPU
		{FD1A3672-31B4-4499-AC09-4BD6BBD4C0DF}.Release|ARM.ActiveCfg = Release|ARM
		{FD1A3672-31B4-4499-AC09-4BD6BBD4C0DF}.Release|ARM.Build.0 = Release|ARM
		{FD1A3672-31B4-4499-AC09-4BD6BBD4C0DF}.Release|ARM64.ActiveCfg = Release|ARM64
		{FD1A3672-31B4-4499-AC09-4BD6BBD4C0DF}.Release|ARM64.Build.0 = Release|ARM64
		{FD1A3672-31B4-4499-AC09-4BD6BBD4C0DF}.Release|x64.ActiveCfg = Release|x64
		{FD1A3672-31B4-4499-AC09-4BD6BBD4C0DF}.Release|x64.Build.0 = Release|x64
		{FD1A3672-31B4-4499-AC09-4BD6BBD4C0DF}.Release|x86.ActiveCfg = Release|x86
		{FD1A3672-31B4-4499-AC09-4BD6BBD4C0DF}.Release|x86.Build.0 = Release|x86
		{666686C6-3439-4EE2-B06B-5C7B0A416B91}.Debug|Any CPU.ActiveCfg = Debug|Any CPU
		{666686C6-3439-4EE2-B06B-5C7B0A416B91}.Debug|Any CPU.Build.0 = Debug|Any CPU
		{666686C6-3439-4EE2-B06B-5C7B0A416B91}.Debug|ARM.ActiveCfg = Debug|Any CPU
		{666686C6-3439-4EE2-B06B-5C7B0A416B91}.Debug|ARM.Build.0 = Debug|Any CPU
		{666686C6-3439-4EE2-B06B-5C7B0A416B91}.Debug|ARM64.ActiveCfg = Debug|Any CPU
		{666686C6-3439-4EE2-B06B-5C7B0A416B91}.Debug|ARM64.Build.0 = Debug|Any CPU
		{666686C6-3439-4EE2-B06B-5C7B0A416B91}.Debug|x64.ActiveCfg = Debug|x64
		{666686C6-3439-4EE2-B06B-5C7B0A416B91}.Debug|x64.Build.0 = Debug|x64
		{666686C6-3439-4EE2-B06B-5C7B0A416B91}.Debug|x86.ActiveCfg = Debug|Any CPU
		{666686C6-3439-4EE2-B06B-5C7B0A416B91}.Debug|x86.Build.0 = Debug|Any CPU
		{666686C6-3439-4EE2-B06B-5C7B0A416B91}.Release|Any CPU.ActiveCfg = Release|Any CPU
		{666686C6-3439-4EE2-B06B-5C7B0A416B91}.Release|Any CPU.Build.0 = Release|Any CPU
		{666686C6-3439-4EE2-B06B-5C7B0A416B91}.Release|ARM.ActiveCfg = Release|Any CPU
		{666686C6-3439-4EE2-B06B-5C7B0A416B91}.Release|ARM.Build.0 = Release|Any CPU
		{666686C6-3439-4EE2-B06B-5C7B0A416B91}.Release|ARM64.ActiveCfg = Release|Any CPU
		{666686C6-3439-4EE2-B06B-5C7B0A416B91}.Release|ARM64.Build.0 = Release|Any CPU
		{666686C6-3439-4EE2-B06B-5C7B0A416B91}.Release|x64.ActiveCfg = Release|Any CPU
		{666686C6-3439-4EE2-B06B-5C7B0A416B91}.Release|x64.Build.0 = Release|Any CPU
		{666686C6-3439-4EE2-B06B-5C7B0A416B91}.Release|x86.ActiveCfg = Release|Any CPU
		{666686C6-3439-4EE2-B06B-5C7B0A416B91}.Release|x86.Build.0 = Release|Any CPU
	EndGlobalSection
	GlobalSection(SolutionProperties) = preSolution
		HideSolutionNode = FALSE
	EndGlobalSection
	GlobalSection(ExtensibilityGlobals) = postSolution
		SolutionGuid = {EDFFB261-AD00-4C68-BF55-D5CED5BE0039}
	EndGlobalSection
EndGlobal
