
Microsoft Visual Studio Solution File, Format Version 12.00
# Visual Studio Version 16
VisualStudioVersion = 16.0.30914.41
MinimumVisualStudioVersion = 10.0.40219.1
Project("{FAE04EC0-301F-11D3-BF4B-00C04F79EFBC}") = "NotificationFlyoutSample", "NotificationFlyoutSample\NotificationFlyoutSample.csproj", "{2057ADE0-C61E-45EE-BB7E-A469FE4D4C41}"
EndProject
Project("{2150E333-8FDC-42A3-9474-1A3956D46DE8}") = "Solution Items", "Solution Items", "{1E895953-2231-4ACA-84A6-64F8F57FE86A}"
	ProjectSection(SolutionItems) = preProject
		global.json = global.json
	EndProjectSection
EndProject
Project("{9A19103F-16F7-4668-BE54-9A1E7A4F7556}") = "TheXamlGuy.NotificationFlyout.Shared.UI", "..\src\TheXamlGuy.NotificationFlyout.Shared.UI\TheXamlGuy.NotificationFlyout.Shared.UI.csproj", "{38E34B61-E389-4EE1-8D5E-5372568DE982}"
EndProject
Project("{9A19103F-16F7-4668-BE54-9A1E7A4F7556}") = "TheXamlGuy.NotificationFlyout.Uwp.UI.Controls", "..\src\TheXamlGuy.NotificationFlyout.Uwp.UI.Controls\TheXamlGuy.NotificationFlyout.Uwp.UI.Controls.csproj", "{ACA2CC23-A9AE-427F-A900-ED75A96698F4}"
EndProject
Project("{9A19103F-16F7-4668-BE54-9A1E7A4F7556}") = "TheXamlGuy.NotificationFlyout.Wpf.UI.Controls", "..\src\TheXamlGuy.NotificationFlyout.Wpf.UI.Controls\TheXamlGuy.NotificationFlyout.Wpf.UI.Controls.csproj", "{BE3B1281-CD44-4291-BE1D-33FC13E61E06}"
EndProject
Project("{9A19103F-16F7-4668-BE54-9A1E7A4F7556}") = "TheXamlGuy.NotificationFlyout.Wpf.UI", "..\src\TheXamlGuy.NotificationFlyout.Wpf.UI\TheXamlGuy.NotificationFlyout.Wpf.UI.csproj", "{A38BA7F7-5FEC-49F2-9FEB-F80AFE5934AF}"
EndProject
Project("{9A19103F-16F7-4668-BE54-9A1E7A4F7556}") = "TheXamlGuy.NotificationFlyout.Common", "..\src\TheXamlGuy.NotificationFlyout.Common\TheXamlGuy.NotificationFlyout.Common.csproj", "{293834F2-4A99-4C92-A165-7C617D98FCC7}"
EndProject
Project("{9A19103F-16F7-4668-BE54-9A1E7A4F7556}") = "NotificationFlyoutSample.Launcher", "NotificationFlyoutSample.Launcher\NotificationFlyoutSample.Launcher.csproj", "{5EDD254A-3F8E-4825-B806-5C230488E192}"
EndProject
Global
	GlobalSection(SolutionConfigurationPlatforms) = preSolution
		Debug|Any CPU = Debug|Any CPU
		Debug|ARM = Debug|ARM
		Debug|ARM64 = Debug|ARM64
		Debug|x64 = Debug|x64
		Debug|x86 = Debug|x86
		Release|Any CPU = Release|Any CPU
		Release|ARM = Release|ARM
		Release|ARM64 = Release|ARM64
		Release|x64 = Release|x64
		Release|x86 = Release|x86
	EndGlobalSection
	GlobalSection(ProjectConfigurationPlatforms) = postSolution
		{2057ADE0-C61E-45EE-BB7E-A469FE4D4C41}.Debug|Any CPU.ActiveCfg = Debug|x64
		{2057ADE0-C61E-45EE-BB7E-A469FE4D4C41}.Debug|Any CPU.Build.0 = Debug|x64
		{2057ADE0-C61E-45EE-BB7E-A469FE4D4C41}.Debug|ARM.ActiveCfg = Debug|ARM
		{2057ADE0-C61E-45EE-BB7E-A469FE4D4C41}.Debug|ARM.Build.0 = Debug|ARM
		{2057ADE0-C61E-45EE-BB7E-A469FE4D4C41}.Debug|ARM.Deploy.0 = Debug|ARM
		{2057ADE0-C61E-45EE-BB7E-A469FE4D4C41}.Debug|ARM64.ActiveCfg = Debug|ARM64
		{2057ADE0-C61E-45EE-BB7E-A469FE4D4C41}.Debug|ARM64.Build.0 = Debug|ARM64
		{2057ADE0-C61E-45EE-BB7E-A469FE4D4C41}.Debug|ARM64.Deploy.0 = Debug|ARM64
		{2057ADE0-C61E-45EE-BB7E-A469FE4D4C41}.Debug|x64.ActiveCfg = Debug|x64
		{2057ADE0-C61E-45EE-BB7E-A469FE4D4C41}.Debug|x64.Build.0 = Debug|x64
		{2057ADE0-C61E-45EE-BB7E-A469FE4D4C41}.Debug|x64.Deploy.0 = Debug|x64
		{2057ADE0-C61E-45EE-BB7E-A469FE4D4C41}.Debug|x86.ActiveCfg = Debug|x86
		{2057ADE0-C61E-45EE-BB7E-A469FE4D4C41}.Debug|x86.Build.0 = Debug|x86
		{2057ADE0-C61E-45EE-BB7E-A469FE4D4C41}.Debug|x86.Deploy.0 = Debug|x86
		{2057ADE0-C61E-45EE-BB7E-A469FE4D4C41}.Release|Any CPU.ActiveCfg = Release|x86
		{2057ADE0-C61E-45EE-BB7E-A469FE4D4C41}.Release|ARM.ActiveCfg = Release|ARM
		{2057ADE0-C61E-45EE-BB7E-A469FE4D4C41}.Release|ARM.Build.0 = Release|ARM
		{2057ADE0-C61E-45EE-BB7E-A469FE4D4C41}.Release|ARM.Deploy.0 = Release|ARM
		{2057ADE0-C61E-45EE-BB7E-A469FE4D4C41}.Release|ARM64.ActiveCfg = Release|ARM64
		{2057ADE0-C61E-45EE-BB7E-A469FE4D4C41}.Release|ARM64.Build.0 = Release|ARM64
		{2057ADE0-C61E-45EE-BB7E-A469FE4D4C41}.Release|ARM64.Deploy.0 = Release|ARM64
		{2057ADE0-C61E-45EE-BB7E-A469FE4D4C41}.Release|x64.ActiveCfg = Release|x64
		{2057ADE0-C61E-45EE-BB7E-A469FE4D4C41}.Release|x64.Build.0 = Release|x64
		{2057ADE0-C61E-45EE-BB7E-A469FE4D4C41}.Release|x64.Deploy.0 = Release|x64
		{2057ADE0-C61E-45EE-BB7E-A469FE4D4C41}.Release|x86.ActiveCfg = Release|x86
		{2057ADE0-C61E-45EE-BB7E-A469FE4D4C41}.Release|x86.Build.0 = Release|x86
		{2057ADE0-C61E-45EE-BB7E-A469FE4D4C41}.Release|x86.Deploy.0 = Release|x86
		{38E34B61-E389-4EE1-8D5E-5372568DE982}.Debug|Any CPU.ActiveCfg = Debug|Any CPU
		{38E34B61-E389-4EE1-8D5E-5372568DE982}.Debug|Any CPU.Build.0 = Debug|Any CPU
		{38E34B61-E389-4EE1-8D5E-5372568DE982}.Debug|ARM.ActiveCfg = Debug|Any CPU
		{38E34B61-E389-4EE1-8D5E-5372568DE982}.Debug|ARM.Build.0 = Debug|Any CPU
		{38E34B61-E389-4EE1-8D5E-5372568DE982}.Debug|ARM64.ActiveCfg = Debug|Any CPU
		{38E34B61-E389-4EE1-8D5E-5372568DE982}.Debug|ARM64.Build.0 = Debug|Any CPU
		{38E34B61-E389-4EE1-8D5E-5372568DE982}.Debug|x64.ActiveCfg = Debug|x64
		{38E34B61-E389-4EE1-8D5E-5372568DE982}.Debug|x64.Build.0 = Debug|x64
		{38E34B61-E389-4EE1-8D5E-5372568DE982}.Debug|x86.ActiveCfg = Debug|Any CPU
		{38E34B61-E389-4EE1-8D5E-5372568DE982}.Debug|x86.Build.0 = Debug|Any CPU
		{38E34B61-E389-4EE1-8D5E-5372568DE982}.Release|Any CPU.ActiveCfg = Release|Any CPU
		{38E34B61-E389-4EE1-8D5E-5372568DE982}.Release|Any CPU.Build.0 = Release|Any CPU
		{38E34B61-E389-4EE1-8D5E-5372568DE982}.Release|ARM.ActiveCfg = Release|Any CPU
		{38E34B61-E389-4EE1-8D5E-5372568DE982}.Release|ARM.Build.0 = Release|Any CPU
		{38E34B61-E389-4EE1-8D5E-5372568DE982}.Release|ARM64.ActiveCfg = Release|Any CPU
		{38E34B61-E389-4EE1-8D5E-5372568DE982}.Release|ARM64.Build.0 = Release|Any CPU
		{38E34B61-E389-4EE1-8D5E-5372568DE982}.Release|x64.ActiveCfg = Release|x64
		{38E34B61-E389-4EE1-8D5E-5372568DE982}.Release|x64.Build.0 = Release|x64
		{38E34B61-E389-4EE1-8D5E-5372568DE982}.Release|x86.ActiveCfg = Release|Any CPU
		{38E34B61-E389-4EE1-8D5E-5372568DE982}.Release|x86.Build.0 = Release|Any CPU
		{ACA2CC23-A9AE-427F-A900-ED75A96698F4}.Debug|Any CPU.ActiveCfg = Debug|Any CPU
		{ACA2CC23-A9AE-427F-A900-ED75A96698F4}.Debug|Any CPU.Build.0 = Debug|Any CPU
		{ACA2CC23-A9AE-427F-A900-ED75A96698F4}.Debug|ARM.ActiveCfg = Debug|Any CPU
		{ACA2CC23-A9AE-427F-A900-ED75A96698F4}.Debug|ARM.Build.0 = Debug|Any CPU
		{ACA2CC23-A9AE-427F-A900-ED75A96698F4}.Debug|ARM64.ActiveCfg = Debug|Any CPU
		{ACA2CC23-A9AE-427F-A900-ED75A96698F4}.Debug|ARM64.Build.0 = Debug|Any CPU
		{ACA2CC23-A9AE-427F-A900-ED75A96698F4}.Debug|x64.ActiveCfg = Debug|x64
		{ACA2CC23-A9AE-427F-A900-ED75A96698F4}.Debug|x64.Build.0 = Debug|x64
		{ACA2CC23-A9AE-427F-A900-ED75A96698F4}.Debug|x86.ActiveCfg = Debug|Any CPU
		{ACA2CC23-A9AE-427F-A900-ED75A96698F4}.Debug|x86.Build.0 = Debug|Any CPU
		{ACA2CC23-A9AE-427F-A900-ED75A96698F4}.Release|Any CPU.ActiveCfg = Release|Any CPU
		{ACA2CC23-A9AE-427F-A900-ED75A96698F4}.Release|Any CPU.Build.0 = Release|Any CPU
		{ACA2CC23-A9AE-427F-A900-ED75A96698F4}.Release|ARM.ActiveCfg = Release|Any CPU
		{ACA2CC23-A9AE-427F-A900-ED75A96698F4}.Release|ARM.Build.0 = Release|Any CPU
		{ACA2CC23-A9AE-427F-A900-ED75A96698F4}.Release|ARM64.ActiveCfg = Release|Any CPU
		{ACA2CC23-A9AE-427F-A900-ED75A96698F4}.Release|ARM64.Build.0 = Release|Any CPU
		{ACA2CC23-A9AE-427F-A900-ED75A96698F4}.Release|x64.ActiveCfg = Release|x64
		{ACA2CC23-A9AE-427F-A900-ED75A96698F4}.Release|x64.Build.0 = Release|x64
		{ACA2CC23-A9AE-427F-A900-ED75A96698F4}.Release|x86.ActiveCfg = Release|Any CPU
		{ACA2CC23-A9AE-427F-A900-ED75A96698F4}.Release|x86.Build.0 = Release|Any CPU
		{BE3B1281-CD44-4291-BE1D-33FC13E61E06}.Debug|Any CPU.ActiveCfg = Debug|Any CPU
		{BE3B1281-CD44-4291-BE1D-33FC13E61E06}.Debug|Any CPU.Build.0 = Debug|Any CPU
		{BE3B1281-CD44-4291-BE1D-33FC13E61E06}.Debug|ARM.ActiveCfg = Debug|Any CPU
		{BE3B1281-CD44-4291-BE1D-33FC13E61E06}.Debug|ARM.Build.0 = Debug|Any CPU
		{BE3B1281-CD44-4291-BE1D-33FC13E61E06}.Debug|ARM64.ActiveCfg = Debug|Any CPU
		{BE3B1281-CD44-4291-BE1D-33FC13E61E06}.Debug|ARM64.Build.0 = Debug|Any CPU
		{BE3B1281-CD44-4291-BE1D-33FC13E61E06}.Debug|x64.ActiveCfg = Debug|x64
		{BE3B1281-CD44-4291-BE1D-33FC13E61E06}.Debug|x64.Build.0 = Debug|x64
		{BE3B1281-CD44-4291-BE1D-33FC13E61E06}.Debug|x86.ActiveCfg = Debug|Any CPU
		{BE3B1281-CD44-4291-BE1D-33FC13E61E06}.Debug|x86.Build.0 = Debug|Any CPU
		{BE3B1281-CD44-4291-BE1D-33FC13E61E06}.Release|Any CPU.ActiveCfg = Release|Any CPU
		{BE3B1281-CD44-4291-BE1D-33FC13E61E06}.Release|Any CPU.Build.0 = Release|Any CPU
		{BE3B1281-CD44-4291-BE1D-33FC13E61E06}.Release|ARM.ActiveCfg = Release|Any CPU
		{BE3B1281-CD44-4291-BE1D-33FC13E61E06}.Release|ARM.Build.0 = Release|Any CPU
		{BE3B1281-CD44-4291-BE1D-33FC13E61E06}.Release|ARM64.ActiveCfg = Release|Any CPU
		{BE3B1281-CD44-4291-BE1D-33FC13E61E06}.Release|ARM64.Build.0 = Release|Any CPU
		{BE3B1281-CD44-4291-BE1D-33FC13E61E06}.Release|x64.ActiveCfg = Release|x64
		{BE3B1281-CD44-4291-BE1D-33FC13E61E06}.Release|x64.Build.0 = Release|x64
		{BE3B1281-CD44-4291-BE1D-33FC13E61E06}.Release|x86.ActiveCfg = Release|Any CPU
		{BE3B1281-CD44-4291-BE1D-33FC13E61E06}.Release|x86.Build.0 = Release|Any CPU
		{A38BA7F7-5FEC-49F2-9FEB-F80AFE5934AF}.Debug|Any CPU.ActiveCfg = Debug|Any CPU
		{A38BA7F7-5FEC-49F2-9FEB-F80AFE5934AF}.Debug|Any CPU.Build.0 = Debug|Any CPU
		{A38BA7F7-5FEC-49F2-9FEB-F80AFE5934AF}.Debug|ARM.ActiveCfg = Debug|Any CPU
		{A38BA7F7-5FEC-49F2-9FEB-F80AFE5934AF}.Debug|ARM.Build.0 = Debug|Any CPU
		{A38BA7F7-5FEC-49F2-9FEB-F80AFE5934AF}.Debug|ARM64.ActiveCfg = Debug|Any CPU
		{A38BA7F7-5FEC-49F2-9FEB-F80AFE5934AF}.Debug|ARM64.Build.0 = Debug|Any CPU
		{A38BA7F7-5FEC-49F2-9FEB-F80AFE5934AF}.Debug|x64.ActiveCfg = Debug|x64
		{A38BA7F7-5FEC-49F2-9FEB-F80AFE5934AF}.Debug|x64.Build.0 = Debug|x64
		{A38BA7F7-5FEC-49F2-9FEB-F80AFE5934AF}.Debug|x86.ActiveCfg = Debug|Any CPU
		{A38BA7F7-5FEC-49F2-9FEB-F80AFE5934AF}.Debug|x86.Build.0 = Debug|Any CPU
		{A38BA7F7-5FEC-49F2-9FEB-F80AFE5934AF}.Release|Any CPU.ActiveCfg = Release|Any CPU
		{A38BA7F7-5FEC-49F2-9FEB-F80AFE5934AF}.Release|Any CPU.Build.0 = Release|Any CPU
		{A38BA7F7-5FEC-49F2-9FEB-F80AFE5934AF}.Release|ARM.ActiveCfg = Release|Any CPU
		{A38BA7F7-5FEC-49F2-9FEB-F80AFE5934AF}.Release|ARM.Build.0 = Release|Any CPU
		{A38BA7F7-5FEC-49F2-9FEB-F80AFE5934AF}.Release|ARM64.ActiveCfg = Release|Any CPU
		{A38BA7F7-5FEC-49F2-9FEB-F80AFE5934AF}.Release|ARM64.Build.0 = Release|Any CPU
		{A38BA7F7-5FEC-49F2-9FEB-F80AFE5934AF}.Release|x64.ActiveCfg = Release|x64
		{A38BA7F7-5FEC-49F2-9FEB-F80AFE5934AF}.Release|x64.Build.0 = Release|x64
		{A38BA7F7-5FEC-49F2-9FEB-F80AFE5934AF}.Release|x86.ActiveCfg = Release|Any CPU
		{A38BA7F7-5FEC-49F2-9FEB-F80AFE5934AF}.Release|x86.Build.0 = Release|Any CPU
		{293834F2-4A99-4C92-A165-7C617D98FCC7}.Debug|Any CPU.ActiveCfg = Debug|Any CPU
		{293834F2-4A99-4C92-A165-7C617D98FCC7}.Debug|Any CPU.Build.0 = Debug|Any CPU
		{293834F2-4A99-4C92-A165-7C617D98FCC7}.Debug|ARM.ActiveCfg = Debug|Any CPU
		{293834F2-4A99-4C92-A165-7C617D98FCC7}.Debug|ARM.Build.0 = Debug|Any CPU
		{293834F2-4A99-4C92-A165-7C617D98FCC7}.Debug|ARM64.ActiveCfg = Debug|Any CPU
		{293834F2-4A99-4C92-A165-7C617D98FCC7}.Debug|ARM64.Build.0 = Debug|Any CPU
		{293834F2-4A99-4C92-A165-7C617D98FCC7}.Debug|x64.ActiveCfg = Debug|x64
		{293834F2-4A99-4C92-A165-7C617D98FCC7}.Debug|x64.Build.0 = Debug|x64
		{293834F2-4A99-4C92-A165-7C617D98FCC7}.Debug|x86.ActiveCfg = Debug|Any CPU
		{293834F2-4A99-4C92-A165-7C617D98FCC7}.Debug|x86.Build.0 = Debug|Any CPU
		{293834F2-4A99-4C92-A165-7C617D98FCC7}.Release|Any CPU.ActiveCfg = Release|Any CPU
		{293834F2-4A99-4C92-A165-7C617D98FCC7}.Release|Any CPU.Build.0 = Release|Any CPU
		{293834F2-4A99-4C92-A165-7C617D98FCC7}.Release|ARM.ActiveCfg = Release|Any CPU
		{293834F2-4A99-4C92-A165-7C617D98FCC7}.Release|ARM.Build.0 = Release|Any CPU
		{293834F2-4A99-4C92-A165-7C617D98FCC7}.Release|ARM64.ActiveCfg = Release|Any CPU
		{293834F2-4A99-4C92-A165-7C617D98FCC7}.Release|ARM64.Build.0 = Release|Any CPU
		{293834F2-4A99-4C92-A165-7C617D98FCC7}.Release|x64.ActiveCfg = Release|x64
		{293834F2-4A99-4C92-A165-7C617D98FCC7}.Release|x64.Build.0 = Release|x64
		{293834F2-4A99-4C92-A165-7C617D98FCC7}.Release|x86.ActiveCfg = Release|Any CPU
		{293834F2-4A99-4C92-A165-7C617D98FCC7}.Release|x86.Build.0 = Release|Any CPU
		{5EDD254A-3F8E-4825-B806-5C230488E192}.Debug|Any CPU.ActiveCfg = Debug|Any CPU
		{5EDD254A-3F8E-4825-B806-5C230488E192}.Debug|Any CPU.Build.0 = Debug|Any CPU
		{5EDD254A-3F8E-4825-B806-5C230488E192}.Debug|ARM.ActiveCfg = Debug|Any CPU
		{5EDD254A-3F8E-4825-B806-5C230488E192}.Debug|ARM.Build.0 = Debug|Any CPU
		{5EDD254A-3F8E-4825-B806-5C230488E192}.Debug|ARM64.ActiveCfg = Debug|Any CPU
		{5EDD254A-3F8E-4825-B806-5C230488E192}.Debug|ARM64.Build.0 = Debug|Any CPU
		{5EDD254A-3F8E-4825-B806-5C230488E192}.Debug|x64.ActiveCfg = Debug|x64
		{5EDD254A-3F8E-4825-B806-5C230488E192}.Debug|x64.Build.0 = Debug|x64
		{5EDD254A-3F8E-4825-B806-5C230488E192}.Debug|x86.ActiveCfg = Debug|Any CPU
		{5EDD254A-3F8E-4825-B806-5C230488E192}.Debug|x86.Build.0 = Debug|Any CPU
		{5EDD254A-3F8E-4825-B806-5C230488E192}.Release|Any CPU.ActiveCfg = Release|Any CPU
		{5EDD254A-3F8E-4825-B806-5C230488E192}.Release|Any CPU.Build.0 = Release|Any CPU
		{5EDD254A-3F8E-4825-B806-5C230488E192}.Release|ARM.ActiveCfg = Release|Any CPU
		{5EDD254A-3F8E-4825-B806-5C230488E192}.Release|ARM.Build.0 = Release|Any CPU
		{5EDD254A-3F8E-4825-B806-5C230488E192}.Release|ARM64.ActiveCfg = Release|Any CPU
		{5EDD254A-3F8E-4825-B806-5C230488E192}.Release|ARM64.Build.0 = Release|Any CPU
		{5EDD254A-3F8E-4825-B806-5C230488E192}.Release|x64.ActiveCfg = Release|x64
		{5EDD254A-3F8E-4825-B806-5C230488E192}.Release|x64.Build.0 = Release|x64
		{5EDD254A-3F8E-4825-B806-5C230488E192}.Release|x86.ActiveCfg = Release|Any CPU
		{5EDD254A-3F8E-4825-B806-5C230488E192}.Release|x86.Build.0 = Release|Any CPU
	EndGlobalSection
	GlobalSection(SolutionProperties) = preSolution
		HideSolutionNode = FALSE
	EndGlobalSection
	GlobalSection(ExtensibilityGlobals) = postSolution
		SolutionGuid = {03157D81-42AD-4A82-96E1-1E1D6F247D03}
	EndGlobalSection
EndGlobal
