
Microsoft Visual Studio Solution File, Format Version 12.00
# Visual Studio Version 16
VisualStudioVersion = 16.0.30914.41
MinimumVisualStudioVersion = 10.0.40219.1
Project("{2150E333-8FDC-42A3-9474-1A3956D46DE8}") = "Solution Items", "Solution Items", "{B7EEAC24-4F8A-4C73-90B3-DAC77D44CCF2}"
	ProjectSection(SolutionItems) = preProject
		global.json = global.json
	EndProjectSection
EndProject
Project("{9A19103F-16F7-4668-BE54-9A1E7A4F7556}") = "TheXamlGuy.NotificationFlyout.Uwp.UI.Controls", "TheXamlGuy.NotificationFlyout.Uwp.UI.Controls\TheXamlGuy.NotificationFlyout.Uwp.UI.Controls.csproj", "{354F67A7-3699-4CCE-A49B-91DA70C98BF3}"
EndProject
Project("{9A19103F-16F7-4668-BE54-9A1E7A4F7556}") = "TheXamlGuy.NotificationFlyout.Wpf.UI", "TheXamlGuy.NotificationFlyout.Wpf.UI\TheXamlGuy.NotificationFlyout.Wpf.UI.csproj", "{EC20A0A9-CBCB-4357-846A-AA497BB02836}"
EndProject
Project("{9A19103F-16F7-4668-BE54-9A1E7A4F7556}") = "TheXamlGuy.NotificationFlyout.Wpf.UI.Controls", "TheXamlGuy.NotificationFlyout.Wpf.UI.Controls\TheXamlGuy.NotificationFlyout.Wpf.UI.Controls.csproj", "{3205F101-E5F3-4B57-B0BB-33693F906B77}"
EndProject
Project("{FAE04EC0-301F-11D3-BF4B-00C04F79EFBC}") = "TheXamlGuy.NotificationFlyout.Shared.UI", "TheXamlGuy.NotificationFlyout.Shared.UI\TheXamlGuy.NotificationFlyout.Shared.UI.csproj", "{341F9830-BB2F-4A2F-A81A-3DBAF307B4EF}"
EndProject
Project("{FAE04EC0-301F-11D3-BF4B-00C04F79EFBC}") = "TheXamlGuy.NotificationFlyout.Common", "TheXamlGuy.NotificationFlyout.Common\TheXamlGuy.NotificationFlyout.Common.csproj", "{4F05A3D6-DBBC-4921-97BA-6843925CD74B}"
EndProject
Global
	GlobalSection(SolutionConfigurationPlatforms) = preSolution
		Debug|Any CPU = Debug|Any CPU
		Debug|ARM = Debug|ARM
		Debug|ARM64 = Debug|ARM64
		Debug|x64 = Debug|x64
		Debug|x86 = Debug|x86
		Release|Any CPU = Release|Any CPU
		Release|ARM = Release|ARM
		Release|ARM64 = Release|ARM64
		Release|x64 = Release|x64
		Release|x86 = Release|x86
	EndGlobalSection
	GlobalSection(ProjectConfigurationPlatforms) = postSolution
		{354F67A7-3699-4CCE-A49B-91DA70C98BF3}.Debug|Any CPU.ActiveCfg = Debug|x64
		{354F67A7-3699-4CCE-A49B-91DA70C98BF3}.Debug|Any CPU.Build.0 = Debug|x64
		{354F67A7-3699-4CCE-A49B-91DA70C98BF3}.Debug|ARM.ActiveCfg = Debug|Any CPU
		{354F67A7-3699-4CCE-A49B-91DA70C98BF3}.Debug|ARM.Build.0 = Debug|Any CPU
		{354F67A7-3699-4CCE-A49B-91DA70C98BF3}.Debug|ARM64.ActiveCfg = Debug|Any CPU
		{354F67A7-3699-4CCE-A49B-91DA70C98BF3}.Debug|ARM64.Build.0 = Debug|Any CPU
		{354F67A7-3699-4CCE-A49B-91DA70C98BF3}.Debug|x64.ActiveCfg = Debug|x64
		{354F67A7-3699-4CCE-A49B-91DA70C98BF3}.Debug|x64.Build.0 = Debug|x64
		{354F67A7-3699-4CCE-A49B-91DA70C98BF3}.Debug|x86.ActiveCfg = Debug|Any CPU
		{354F67A7-3699-4CCE-A49B-91DA70C98BF3}.Debug|x86.Build.0 = Debug|Any CPU
		{354F67A7-3699-4CCE-A49B-91DA70C98BF3}.Release|Any CPU.ActiveCfg = Release|Any CPU
		{354F67A7-3699-4CCE-A49B-91DA70C98BF3}.Release|Any CPU.Build.0 = Release|Any CPU
		{354F67A7-3699-4CCE-A49B-91DA70C98BF3}.Release|ARM.ActiveCfg = Release|Any CPU
		{354F67A7-3699-4CCE-A49B-91DA70C98BF3}.Release|ARM.Build.0 = Release|Any CPU
		{354F67A7-3699-4CCE-A49B-91DA70C98BF3}.Release|ARM64.ActiveCfg = Release|Any CPU
		{354F67A7-3699-4CCE-A49B-91DA70C98BF3}.Release|ARM64.Build.0 = Release|Any CPU
		{354F67A7-3699-4CCE-A49B-91DA70C98BF3}.Release|x64.ActiveCfg = Release|x64
		{354F67A7-3699-4CCE-A49B-91DA70C98BF3}.Release|x64.Build.0 = Release|x64
		{354F67A7-3699-4CCE-A49B-91DA70C98BF3}.Release|x86.ActiveCfg = Release|Any CPU
		{354F67A7-3699-4CCE-A49B-91DA70C98BF3}.Release|x86.Build.0 = Release|Any CPU
		{EC20A0A9-CBCB-4357-846A-AA497BB02836}.Debug|Any CPU.ActiveCfg = Debug|x64
		{EC20A0A9-CBCB-4357-846A-AA497BB02836}.Debug|Any CPU.Build.0 = Debug|x64
		{EC20A0A9-CBCB-4357-846A-AA497BB02836}.Debug|ARM.ActiveCfg = Debug|Any CPU
		{EC20A0A9-CBCB-4357-846A-AA497BB02836}.Debug|ARM64.ActiveCfg = Debug|Any CPU
		{EC20A0A9-CBCB-4357-846A-AA497BB02836}.Debug|x64.ActiveCfg = Debug|x64
		{EC20A0A9-CBCB-4357-846A-AA497BB02836}.Debug|x64.Build.0 = Debug|x64
		{EC20A0A9-CBCB-4357-846A-AA497BB02836}.Debug|x86.ActiveCfg = Debug|Any CPU
		{EC20A0A9-CBCB-4357-846A-AA497BB02836}.Release|Any CPU.ActiveCfg = Release|Any CPU
		{EC20A0A9-CBCB-4357-846A-AA497BB02836}.Release|Any CPU.Build.0 = Release|Any CPU
		{EC20A0A9-CBCB-4357-846A-AA497BB02836}.Release|ARM.ActiveCfg = Release|Any CPU
		{EC20A0A9-CBCB-4357-846A-AA497BB02836}.Release|ARM64.ActiveCfg = Release|Any CPU
		{EC20A0A9-CBCB-4357-846A-AA497BB02836}.Release|x64.ActiveCfg = Release|x64
		{EC20A0A9-CBCB-4357-846A-AA497BB02836}.Release|x64.Build.0 = Release|x64
		{EC20A0A9-CBCB-4357-846A-AA497BB02836}.Release|x86.ActiveCfg = Release|Any CPU
		{3205F101-E5F3-4B57-B0BB-33693F906B77}.Debug|Any CPU.ActiveCfg = Debug|x64
		{3205F101-E5F3-4B57-B0BB-33693F906B77}.Debug|Any CPU.Build.0 = Debug|x64
		{3205F101-E5F3-4B57-B0BB-33693F906B77}.Debug|ARM.ActiveCfg = Debug|Any CPU
		{3205F101-E5F3-4B57-B0BB-33693F906B77}.Debug|ARM64.ActiveCfg = Debug|Any CPU
		{3205F101-E5F3-4B57-B0BB-33693F906B77}.Debug|x64.ActiveCfg = Debug|x64
		{3205F101-E5F3-4B57-B0BB-33693F906B77}.Debug|x64.Build.0 = Debug|x64
		{3205F101-E5F3-4B57-B0BB-33693F906B77}.Debug|x86.ActiveCfg = Debug|Any CPU
		{3205F101-E5F3-4B57-B0BB-33693F906B77}.Release|Any CPU.ActiveCfg = Release|Any CPU
		{3205F101-E5F3-4B57-B0BB-33693F906B77}.Release|Any CPU.Build.0 = Release|Any CPU
		{3205F101-E5F3-4B57-B0BB-33693F906B77}.Release|ARM.ActiveCfg = Release|Any CPU
		{3205F101-E5F3-4B57-B0BB-33693F906B77}.Release|ARM64.ActiveCfg = Release|Any CPU
		{3205F101-E5F3-4B57-B0BB-33693F906B77}.Release|x64.ActiveCfg = Release|x64
		{3205F101-E5F3-4B57-B0BB-33693F906B77}.Release|x64.Build.0 = Release|x64
		{3205F101-E5F3-4B57-B0BB-33693F906B77}.Release|x86.ActiveCfg = Release|Any CPU
		{341F9830-BB2F-4A2F-A81A-3DBAF307B4EF}.Debug|Any CPU.ActiveCfg = Debug|Any CPU
		{341F9830-BB2F-4A2F-A81A-3DBAF307B4EF}.Debug|Any CPU.Build.0 = Debug|Any CPU
		{341F9830-BB2F-4A2F-A81A-3DBAF307B4EF}.Debug|ARM.ActiveCfg = Debug|Any CPU
		{341F9830-BB2F-4A2F-A81A-3DBAF307B4EF}.Debug|ARM.Build.0 = Debug|Any CPU
		{341F9830-BB2F-4A2F-A81A-3DBAF307B4EF}.Debug|ARM64.ActiveCfg = Debug|Any CPU
		{341F9830-BB2F-4A2F-A81A-3DBAF307B4EF}.Debug|ARM64.Build.0 = Debug|Any CPU
		{341F9830-BB2F-4A2F-A81A-3DBAF307B4EF}.Debug|x64.ActiveCfg = Debug|Any CPU
		{341F9830-BB2F-4A2F-A81A-3DBAF307B4EF}.Debug|x64.Build.0 = Debug|Any CPU
		{341F9830-BB2F-4A2F-A81A-3DBAF307B4EF}.Debug|x86.ActiveCfg = Debug|Any CPU
		{341F9830-BB2F-4A2F-A81A-3DBAF307B4EF}.Debug|x86.Build.0 = Debug|Any CPU
		{341F9830-BB2F-4A2F-A81A-3DBAF307B4EF}.Release|Any CPU.ActiveCfg = Release|Any CPU
		{341F9830-BB2F-4A2F-A81A-3DBAF307B4EF}.Release|Any CPU.Build.0 = Release|Any CPU
		{341F9830-BB2F-4A2F-A81A-3DBAF307B4EF}.Release|ARM.ActiveCfg = Release|Any CPU
		{341F9830-BB2F-4A2F-A81A-3DBAF307B4EF}.Release|ARM.Build.0 = Release|Any CPU
		{341F9830-BB2F-4A2F-A81A-3DBAF307B4EF}.Release|ARM64.ActiveCfg = Release|Any CPU
		{341F9830-BB2F-4A2F-A81A-3DBAF307B4EF}.Release|ARM64.Build.0 = Release|Any CPU
		{341F9830-BB2F-4A2F-A81A-3DBAF307B4EF}.Release|x64.ActiveCfg = Release|x64
		{341F9830-BB2F-4A2F-A81A-3DBAF307B4EF}.Release|x64.Build.0 = Release|x64
		{341F9830-BB2F-4A2F-A81A-3DBAF307B4EF}.Release|x86.ActiveCfg = Release|Any CPU
		{341F9830-BB2F-4A2F-A81A-3DBAF307B4EF}.Release|x86.Build.0 = Release|Any CPU
		{4F05A3D6-DBBC-4921-97BA-6843925CD74B}.Debug|Any CPU.ActiveCfg = Debug|Any CPU
		{4F05A3D6-DBBC-4921-97BA-6843925CD74B}.Debug|Any CPU.Build.0 = Debug|Any CPU
		{4F05A3D6-DBBC-4921-97BA-6843925CD74B}.Debug|ARM.ActiveCfg = Debug|Any CPU
		{4F05A3D6-DBBC-4921-97BA-6843925CD74B}.Debug|ARM.Build.0 = Debug|Any CPU
		{4F05A3D6-DBBC-4921-97BA-6843925CD74B}.Debug|ARM64.ActiveCfg = Debug|Any CPU
		{4F05A3D6-DBBC-4921-97BA-6843925CD74B}.Debug|ARM64.Build.0 = Debug|Any CPU
		{4F05A3D6-DBBC-4921-97BA-6843925CD74B}.Debug|x64.ActiveCfg = Debug|Any CPU
		{4F05A3D6-DBBC-4921-97BA-6843925CD74B}.Debug|x64.Build.0 = Debug|Any CPU
		{4F05A3D6-DBBC-4921-97BA-6843925CD74B}.Debug|x86.ActiveCfg = Debug|Any CPU
		{4F05A3D6-DBBC-4921-97BA-6843925CD74B}.Debug|x86.Build.0 = Debug|Any CPU
		{4F05A3D6-DBBC-4921-97BA-6843925CD74B}.Release|Any CPU.ActiveCfg = Release|Any CPU
		{4F05A3D6-DBBC-4921-97BA-6843925CD74B}.Release|Any CPU.Build.0 = Release|Any CPU
		{4F05A3D6-DBBC-4921-97BA-6843925CD74B}.Release|ARM.ActiveCfg = Release|Any CPU
		{4F05A3D6-DBBC-4921-97BA-6843925CD74B}.Release|ARM.Build.0 = Release|Any CPU
		{4F05A3D6-DBBC-4921-97BA-6843925CD74B}.Release|ARM64.ActiveCfg = Release|Any CPU
		{4F05A3D6-DBBC-4921-97BA-6843925CD74B}.Release|ARM64.Build.0 = Release|Any CPU
		{4F05A3D6-DBBC-4921-97BA-6843925CD74B}.Release|x64.ActiveCfg = Release|x64
		{4F05A3D6-DBBC-4921-97BA-6843925CD74B}.Release|x64.Build.0 = Release|x64
		{4F05A3D6-DBBC-4921-97BA-6843925CD74B}.Release|x86.ActiveCfg = Release|Any CPU
		{4F05A3D6-DBBC-4921-97BA-6843925CD74B}.Release|x86.Build.0 = Release|Any CPU
	EndGlobalSection
	GlobalSection(SolutionProperties) = preSolution
		HideSolutionNode = FALSE
	EndGlobalSection
	GlobalSection(ExtensibilityGlobals) = postSolution
		SolutionGuid = {EDFFB261-AD00-4C68-BF55-D5CED5BE0039}
	EndGlobalSection
EndGlobal
